%{
  "absinthe": {:hex, :absinthe, "1.6.3", "f8c7a581fa2382bde1adadd405f5caf6597623b48d160367f759d0d6e6292f84", [:mix], [{:dataloader, "~> 1.0.0", [hex: :dataloader, repo: "hexpm", optional: true]}, {:decimal, "~> 1.0 or ~> 2.0", [hex: :decimal, repo: "hexpm", optional: true]}, {:nimble_parsec, "~> 0.5 or ~> 1.0", [hex: :nimble_parsec, repo: "hexpm", optional: false]}, {:telemetry, "~> 0.4.0", [hex: :telemetry, repo: "hexpm", optional: false]}], "hexpm", "4a11192165fb3b7566ffdd86eccd12f0a87158b0b18c00e0400899e8df0225ea"},
  "absinthe_error_payload": {:hex, :absinthe_error_payload, "1.0.1", "0696314517f2d42a4e942cdeaf0c42a05db4135c6e9257607b4b13ebc83f894f", [:make, :mix], [{:absinthe, "~> 1.3", [hex: :absinthe, repo: "hexpm", optional: false]}, {:ecto, "~> 3.1", [hex: :ecto, repo: "hexpm", optional: false]}], "hexpm", "03b300138a2fd4b0c012401ce4e1d038f89d22f3aa49f8066c959208902469b7"},
  "absinthe_phoenix": {:hex, :absinthe_phoenix, "2.0.1", "112cb3468db2748a85bd8bd3f4d6d33f37408a96cb170077026ace96ddb1bab2", [:mix], [{:absinthe, "~> 1.5", [hex: :absinthe, repo: "hexpm", optional: false]}, {:absinthe_plug, "~> 1.5", [hex: :absinthe_plug, repo: "hexpm", optional: false]}, {:decimal, "~> 1.0 or ~> 2.0", [hex: :decimal, repo: "hexpm", optional: false]}, {:phoenix, "~> 1.5", [hex: :phoenix, repo: "hexpm", optional: false]}, {:phoenix_html, "~> 2.13", [hex: :phoenix_html, repo: "hexpm", optional: true]}, {:phoenix_pubsub, "~> 2.0", [hex: :phoenix_pubsub, repo: "hexpm", optional: false]}], "hexpm", "e773adc876fbc84fb05a82e125d9c263f129520b36e5576554ffcb8cf49db445"},
  "absinthe_plug": {:hex, :absinthe_plug, "1.5.5", "be913e77df1947ffb654a1cf1a90e28d84dc23241f6404053750bae513ccd52b", [:mix], [{:absinthe, "~> 1.5", [hex: :absinthe, repo: "hexpm", optional: false]}, {:plug, "~> 1.4", [hex: :plug, repo: "hexpm", optional: false]}], "hexpm", "6c366615d9422444774206aff3448bb9cfb4e849e0c9a94a275085097bc67509"},
  "absinthe_relay": {:hex, :absinthe_relay, "1.5.1", "adf298e77cf83d52bae1d7dc1579146bf9b893fcaa7b556d62e81a8c6f997514", [:mix], [{:absinthe, "~> 1.5.0 or ~> 1.6.0", [hex: :absinthe, repo: "hexpm", optional: false]}, {:ecto, "~> 2.0 or ~> 3.0", [hex: :ecto, repo: "hexpm", optional: true]}], "hexpm", "1fd2a3559f8472c5bac5778c8b87ae5a5d7f89b594eba26b684ce1d0345a910a"},
  "base64url": {:hex, :base64url, "0.0.1", "36a90125f5948e3afd7be97662a1504b934dd5dac78451ca6e9abf85a10286be", [:rebar], [], "hexpm", "fab09b20e3f5db886725544cbcf875b8e73ec93363954eb8a1a9ed834aa8c1f9"},
  "briefly": {:hex, :briefly, "0.3.0", "16e6b76d2070ebc9cbd025fa85cf5dbaf52368c4bd896fb482b5a6b95a540c2f", [:mix], [], "hexpm", "c6ebf8fc3dcd4950dd10c03e953fb4f553a8bcf0ff4c8c40d71542434cd7e046"},
  "bunt": {:hex, :bunt, "0.2.0", "951c6e801e8b1d2cbe58ebbd3e616a869061ddadcc4863d0a2182541acae9a38", [:mix], [], "hexpm", "7af5c7e09fe1d40f76c8e4f9dd2be7cebd83909f31fee7cd0e9eadc567da8353"},
  "cadastre": {:hex, :cadastre, "0.1.4", "55bd0d37c1e9886c05570837ad1fdfce6837259a815cd83a8c8468eb57c3724f", [:mix], [{:gettext, ">= 0.0.0", [hex: :gettext, repo: "hexpm", optional: false]}], "hexpm", "8ae2d8ab81d80fd69526abff2bd9ed1e426835670152b30fbfbd9ad4d35adb13"},
  "castore": {:hex, :castore, "0.1.9", "eb08a94c12ebff92a92d844c6ccd90728dc7662aab9bdc8b3b785ba653c499d5", [:mix], [], "hexpm", "99c3a38ad9c0bab03fee1418c98390da1a31f3b85e317db5840d51a1443d26c8"},
  "certifi": {:hex, :certifi, "2.5.3", "70bdd7e7188c804f3a30ee0e7c99655bc35d8ac41c23e12325f36ab449b70651", [:rebar3], [{:parse_trans, "~>3.3", [hex: :parse_trans, repo: "hexpm", optional: false]}], "hexpm", "ed516acb3929b101208a9d700062d520f3953da3b6b918d866106ffa980e1c10"},
  "cldr_utils": {:hex, :cldr_utils, "2.14.0", "edcef8dd2654b93d84a90087f3536ffabf9c9d82b34ff82bc9ca54c0668b3a4a", [:mix], [{:castore, "~> 0.1", [hex: :castore, repo: "hexpm", optional: true]}, {:certifi, "~> 2.5", [hex: :certifi, repo: "hexpm", optional: true]}, {:decimal, "~> 1.6 or ~> 2.0", [hex: :decimal, repo: "hexpm", optional: false]}], "hexpm", "6903356ff6988342a29b90637eece4ca98a4ed2b9759c22233d3474ade57645a"},
  "coerce": {:hex, :coerce, "1.0.1", "211c27386315dc2894ac11bc1f413a0e38505d808153367bd5c6e75a4003d096", [:mix], [], "hexpm", "b44a691700f7a1a15b4b7e2ff1fa30bebd669929ac8aa43cffe9e2f8bf051cf1"},
  "combine": {:hex, :combine, "0.10.0", "eff8224eeb56498a2af13011d142c5e7997a80c8f5b97c499f84c841032e429f", [:mix], [], "hexpm", "1b1dbc1790073076580d0d1d64e42eae2366583e7aecd455d1215b0d16f2451b"},
  "connection": {:hex, :connection, "1.1.0", "ff2a49c4b75b6fb3e674bfc5536451607270aac754ffd1bdfe175abe4a6d7a68", [:mix], [], "hexpm", "722c1eb0a418fbe91ba7bd59a47e28008a189d47e37e0e7bb85585a016b2869c"},
  "cors_plug": {:hex, :cors_plug, "2.0.3", "316f806d10316e6d10f09473f19052d20ba0a0ce2a1d910ddf57d663dac402ae", [:mix], [{:plug, "~> 1.8", [hex: :plug, repo: "hexpm", optional: false]}], "hexpm", "ee4ae1418e6ce117fc42c2ba3e6cbdca4e95ecd2fe59a05ec6884ca16d469aea"},
  "cowboy": {:hex, :cowboy, "2.7.0", "91ed100138a764355f43316b1d23d7ff6bdb0de4ea618cb5d8677c93a7a2f115", [:rebar3], [{:cowlib, "~> 2.8.0", [hex: :cowlib, repo: "hexpm", optional: false]}, {:ranch, "~> 1.7.1", [hex: :ranch, repo: "hexpm", optional: false]}], "hexpm", "04fd8c6a39edc6aaa9c26123009200fc61f92a3a94f3178c527b70b767c6e605"},
  "cowboy_telemetry": {:hex, :cowboy_telemetry, "0.3.1", "ebd1a1d7aff97f27c66654e78ece187abdc646992714164380d8a041eda16754", [:rebar3], [{:cowboy, "~> 2.7", [hex: :cowboy, repo: "hexpm", optional: false]}, {:telemetry, "~> 0.4", [hex: :telemetry, repo: "hexpm", optional: false]}], "hexpm", "3a6efd3366130eab84ca372cbd4a7d3c3a97bdfcfb4911233b035d117063f0af"},
  "cowlib": {:hex, :cowlib, "2.8.0", "fd0ff1787db84ac415b8211573e9a30a3ebe71b5cbff7f720089972b2319c8a4", [:rebar3], [], "hexpm", "79f954a7021b302186a950a32869dbc185523d99d3e44ce430cd1f3289f41ed4"},
  "credo": {:hex, :credo, "1.5.5", "e8f422026f553bc3bebb81c8e8bf1932f498ca03339856c7fec63d3faac8424b", [:mix], [{:bunt, "~> 0.2.0", [hex: :bunt, repo: "hexpm", optional: false]}, {:file_system, "~> 0.2.8", [hex: :file_system, repo: "hexpm", optional: false]}, {:jason, "~> 1.0", [hex: :jason, repo: "hexpm", optional: false]}], "hexpm", "dd8623ab7091956a855dc9f3062486add9c52d310dfd62748779c4315d8247de"},
  "crontab": {:hex, :crontab, "1.1.10", "dc9bb1f4299138d47bce38341f5dcbee0aa6c205e864fba7bc847f3b5cb48241", [:mix], [{:ecto, "~> 1.0 or ~> 2.0 or ~> 3.0", [hex: :ecto, repo: "hexpm", optional: true]}], "hexpm", "1347d889d1a0eda997990876b4894359e34bfbbd688acbb0ba28a2795ca40685"},
  "csv": {:hex, :csv, "2.4.1", "50e32749953b6bf9818dbfed81cf1190e38cdf24f95891303108087486c5925e", [:mix], [{:parallel_stream, "~> 1.0.4", [hex: :parallel_stream, repo: "hexpm", optional: false]}], "hexpm", "54508938ac67e27966b10ef49606e3ad5995d665d7fc2688efb3eab1307c9079"},
  "dataloader": {:hex, :dataloader, "1.0.8", "114294362db98a613f231589246aa5b0ce847412e8e75c4c94f31f204d272cbf", [:mix], [{:ecto, ">= 3.4.3 and < 4.0.0", [hex: :ecto, repo: "hexpm", optional: true]}, {:telemetry, "~> 0.4", [hex: :telemetry, repo: "hexpm", optional: false]}], "hexpm", "eaf3c2aa2bc9dbd2f1e960561d616b7f593396c4754185b75904f6d66c82a667"},
  "db_connection": {:hex, :db_connection, "2.3.1", "4c9f3ed1ef37471cbdd2762d6655be11e38193904d9c5c1c9389f1b891a3088e", [:mix], [{:connection, "~> 1.0", [hex: :connection, repo: "hexpm", optional: false]}], "hexpm", "abaab61780dde30301d840417890bd9f74131041afd02174cf4e10635b3a63f5"},
  "decimal": {:hex, :decimal, "1.9.0", "83e8daf59631d632b171faabafb4a9f4242c514b0a06ba3df493951c08f64d07", [:mix], [], "hexpm", "b1f2343568eed6928f3e751cf2dffde95bfaa19dd95d09e8a9ea92ccfd6f7d85"},
  "dialyxir": {:hex, :dialyxir, "1.0.0", "6a1fa629f7881a9f5aaf3a78f094b2a51a0357c843871b8bc98824e7342d00a5", [:mix], [{:erlex, ">= 0.2.6", [hex: :erlex, repo: "hexpm", optional: false]}], "hexpm", "aeb06588145fac14ca08d8061a142d52753dbc2cf7f0d00fc1013f53f8654654"},
  "earmark": {:hex, :earmark, "1.4.13", "2c6ce9768fc9fdbf4046f457e207df6360ee6c91ee1ecb8e9a139f96a4289d91", [:mix], [{:earmark_parser, ">= 1.4.12", [hex: :earmark_parser, repo: "hexpm", optional: false]}], "hexpm", "a0cf3ed88ef2b1964df408889b5ecb886d1a048edde53497fc935ccd15af3403"},
  "earmark_parser": {:hex, :earmark_parser, "1.4.12", "b245e875ec0a311a342320da0551da407d9d2b65d98f7a9597ae078615af3449", [:mix], [], "hexpm", "711e2cc4d64abb7d566d43f54b78f7dc129308a63bc103fbd88550d2174b3160"},
  "ecto": {:hex, :ecto, "3.5.7", "f440a476bf1be361173a43a4a18f04a2fdf4e6fac5b0457f03d8686e55f13f7e", [:mix], [{:decimal, "~> 1.6 or ~> 2.0", [hex: :decimal, repo: "hexpm", optional: false]}, {:jason, "~> 1.0", [hex: :jason, repo: "hexpm", optional: true]}, {:telemetry, "~> 0.4", [hex: :telemetry, repo: "hexpm", optional: false]}], "hexpm", "04c4e69d4f1cc2bb085aa760d50389ba8ae3003f80c112fbde87d57f5ed75d39"},
  "ecto_boot_migration": {:hex, :ecto_boot_migration, "0.3.0", "517ccb8aca5306acf49689a3e3f5beeb3cd8362d426e322d2631442c531595d3", [:mix], [{:ecto_sql, "~> 3.0", [hex: :ecto_sql, repo: "hexpm", optional: false]}], "hexpm", "3c7aed8ed08ba6d3df23d4715c1e044fa79cd8387deba8d7ba0bad13518b9ea1"},
  "ecto_enum": {:hex, :ecto_enum, "1.4.0", "d14b00e04b974afc69c251632d1e49594d899067ee2b376277efd8233027aec8", [:mix], [{:ecto, ">= 3.0.0", [hex: :ecto, repo: "hexpm", optional: false]}, {:ecto_sql, "> 3.0.0", [hex: :ecto_sql, repo: "hexpm", optional: false]}, {:mariaex, ">= 0.0.0", [hex: :mariaex, repo: "hexpm", optional: true]}, {:postgrex, ">= 0.0.0", [hex: :postgrex, repo: "hexpm", optional: true]}], "hexpm", "8fb55c087181c2b15eee406519dc22578fa60dd82c088be376d0010172764ee4"},
  "ecto_psql_extras": {:hex, :ecto_psql_extras, "0.6.2", "ff964dcfd80ee285797025734484742faa04b56c2674380014e7233851c5f8b2", [:mix], [{:ecto_sql, "~> 3.4", [hex: :ecto_sql, repo: "hexpm", optional: false]}, {:postgrex, ">= 0.15.7", [hex: :postgrex, repo: "hexpm", optional: false]}, {:table_rex, "~> 3.0.0", [hex: :table_rex, repo: "hexpm", optional: false]}], "hexpm", "7e7f88140f14a8aed4b82269aece28498086edd032cd94fac7d05059f9b09c7e"},
  "ecto_sql": {:hex, :ecto_sql, "3.5.4", "a9e292c40bd79fff88885f95f1ecd7b2516e09aa99c7dd0201aa84c54d2358e4", [:mix], [{:db_connection, "~> 2.2", [hex: :db_connection, repo: "hexpm", optional: false]}, {:ecto, "~> 3.5.0", [hex: :ecto, repo: "hexpm", optional: false]}, {:myxql, "~> 0.3.0 or ~> 0.4.0", [hex: :myxql, repo: "hexpm", optional: true]}, {:postgrex, "~> 0.15.0 or ~> 1.0", [hex: :postgrex, repo: "hexpm", optional: true]}, {:tds, "~> 2.1.1", [hex: :tds, repo: "hexpm", optional: true]}, {:telemetry, "~> 0.4.0", [hex: :telemetry, repo: "hexpm", optional: false]}], "hexpm", "1fff1a28a898d7bbef263f1f3ea425b04ba9f33816d843238c84eff883347343"},
  "email_checker": {:hex, :email_checker, "0.1.4", "6c9914039277da0810107e229ffc28c09b09af7663bfa1f85268fdb4ddc8f174", [:mix], [{:socket, "~> 0.3.1", [hex: :socket, repo: "hexpm", optional: false]}], "hexpm", "5f35d5d4ee3c8a789e92c4dd7916e1c1744c4ceb9a9661ae1b17a7a71fe9e5aa"},
  "erlex": {:hex, :erlex, "0.2.6", "c7987d15e899c7a2f34f5420d2a2ea0d659682c06ac607572df55a43753aa12e", [:mix], [], "hexpm", "2ed2e25711feb44d52b17d2780eabf998452f6efda104877a3881c2f8c0c0c75"},
  "erljwt": {:hex, :erljwt, "2.0.4", "52d742ae66b91f2bb4888d402b54a027a6b08eec0895e226fb1ad7c41949969a", [:rebar3], [{:base64url, "0.0.1", [hex: :base64url, repo: "hexpm", optional: false]}, {:jsone, "1.4.7", [hex: :jsone, repo: "hexpm", optional: false]}], "hexpm", "dd955cc6a721d87ab47c5d707c48c075326c8949cf8f899526a8813f86e99a21"},
  "erlsom": {:hex, :erlsom, "1.5.0", "c5a5cdd0ee0e8dca62bcc4b13ff08da24fdefc16ccd8b25282a2fda2ba1be24a", [:rebar3], [], "hexpm", "55a9dbf9cfa77fcfc108bd8e2c4f9f784dea228a8f4b06ea10b684944946955a"},
  "ex_aws": {:hex, :ex_aws, "2.1.7", "e2a9aef2ee4191df080158514593358a797d8d9d6bbab52adf785ffb2e432702", [:mix], [{:configparser_ex, "~> 4.0", [hex: :configparser_ex, repo: "hexpm", optional: true]}, {:hackney, "~> 1.9", [hex: :hackney, repo: "hexpm", optional: true]}, {:jason, "~> 1.1", [hex: :jason, repo: "hexpm", optional: true]}, {:jsx, "~> 2.8", [hex: :jsx, repo: "hexpm", optional: true]}, {:sweet_xml, "~> 0.6", [hex: :sweet_xml, repo: "hexpm", optional: true]}], "hexpm", "7ce832858e8d32fcaf6f568ce28997b44c4d0a50705a6f8c1d157cd2b040ee70"},
  "ex_aws_s3": {:hex, :ex_aws_s3, "2.1.0", "4db576e1036e554acdc2f03041ae16651a00307a69a377369fdc0e3d7f2e41e9", [:mix], [{:ex_aws, "~> 2.0", [hex: :ex_aws, repo: "hexpm", optional: false]}, {:sweet_xml, ">= 0.0.0", [hex: :sweet_xml, repo: "hexpm", optional: true]}], "hexpm", "7b6867d326251f3f3c1a6f5e70ef084c6ae75a933d3fc373d1e10fd4ae1e1483"},
  "ex_cldr": {:hex, :ex_cldr, "2.19.0", "61e789016dff00f24a28b26632f6240efe8257ad4f651741e889d8929a0fd075", [:mix], [{:castore, "~> 0.1", [hex: :castore, repo: "hexpm", optional: true]}, {:certifi, "~> 2.5", [hex: :certifi, repo: "hexpm", optional: true]}, {:cldr_utils, "~> 2.12", [hex: :cldr_utils, repo: "hexpm", optional: false]}, {:decimal, "~> 1.6 or ~> 2.0", [hex: :decimal, repo: "hexpm", optional: false]}, {:gettext, "~> 0.13", [hex: :gettext, repo: "hexpm", optional: true]}, {:jason, "~> 1.0", [hex: :jason, repo: "hexpm", optional: true]}, {:nimble_parsec, "~> 0.5 or ~> 1.0", [hex: :nimble_parsec, repo: "hexpm", optional: false]}, {:plug, "~> 1.9", [hex: :plug, repo: "hexpm", optional: true]}, {:telemetry, "~> 0.4.0", [hex: :telemetry, repo: "hexpm", optional: true]}], "hexpm", "fccdb406d66da75991e37e4b7b59aa2e1c8242f41822924f9560453610123d84"},
  "ex_cldr_calendars": {:hex, :ex_cldr_calendars, "1.12.0", "0cf7c804937a93baa9c3b471667ad05c478942865cc457e8397b5d83fc6f2c7a", [:mix], [{:calendar_interval, "~> 0.2", [hex: :calendar_interval, repo: "hexpm", optional: true]}, {:earmark, "~> 1.0", [hex: :earmark, repo: "hexpm", optional: false]}, {:ex_cldr_numbers, "~> 2.16", [hex: :ex_cldr_numbers, repo: "hexpm", optional: false]}, {:ex_cldr_units, "~> 3.3", [hex: :ex_cldr_units, repo: "hexpm", optional: true]}, {:jason, "~> 1.0", [hex: :jason, repo: "hexpm", optional: false]}], "hexpm", "edcb91ec52ee4e24a928e2bcf6d3354da465eced42887fbdb3f878a7a329963f"},
  "ex_cldr_currencies": {:hex, :ex_cldr_currencies, "2.8.0", "b2ecc94e9fa4b8ec07614830f4d6e811e5df5e7679c6d2be92f4fe4f31184913", [:mix], [{:ex_cldr, "~> 2.18", [hex: :ex_cldr, repo: "hexpm", optional: false]}, {:jason, "~> 1.0", [hex: :jason, repo: "hexpm", optional: true]}], "hexpm", "a39780667b73bfd3d2bd08e61981bca23a97912b86f3236042850ecb062f48eb"},
  "ex_cldr_dates_times": {:hex, :ex_cldr_dates_times, "2.6.4", "d383e033aaa7295dd4964bca95baff62ee259eca2e32d550cc470495e3d8a012", [:mix], [{:calendar_interval, "~> 0.2", [hex: :calendar_interval, repo: "hexpm", optional: true]}, {:ex_cldr_calendars, "~> 1.11", [hex: :ex_cldr_calendars, repo: "hexpm", optional: false]}, {:ex_cldr_numbers, "~> 2.16", [hex: :ex_cldr_numbers, repo: "hexpm", optional: false]}, {:jason, "~> 1.0", [hex: :jason, repo: "hexpm", optional: true]}], "hexpm", "23c6d4cfdd1e00a6cd8c9ffb5ae5da909489e77f0f8d854856087ea5d5f666c5"},
  "ex_cldr_languages": {:hex, :ex_cldr_languages, "0.2.2", "d7dab93272443b70e18e6aef0f62974418baaca3a3b31a66d51921ec1547113c", [:mix], [{:ex_cldr, "~> 2.2 and >= 2.2.1", [hex: :ex_cldr, repo: "hexpm", optional: false]}, {:jason, "~> 1.0", [hex: :jason, repo: "hexpm", optional: true]}], "hexpm", "d9cbf4bf643365b0042e774520ddfcbc31618efd5a5383fac98f75149961622c"},
  "ex_cldr_lists": {:hex, :ex_cldr_lists, "2.7.0", "86264f509ada404afc9d469faf58ad78a9cbba4b728776eb218ee1bf9a9396a2", [:mix], [{:ex_cldr_numbers, "~> 2.16", [hex: :ex_cldr_numbers, repo: "hexpm", optional: false]}, {:jason, "~> 1.0", [hex: :jason, repo: "hexpm", optional: true]}], "hexpm", "ec9f55af45aa628930900e84d09bab50ee61841ad974aeb8fd51f627a9685353"},
  "ex_cldr_numbers": {:hex, :ex_cldr_numbers, "2.16.1", "aea1cecbf19dfb6ac82658d05685015172866cf1a4ce0778f58157442ccf015d", [:mix], [{:decimal, "~> 1.6 or ~> 2.0", [hex: :decimal, repo: "hexpm", optional: false]}, {:ex_cldr, "~> 2.18", [hex: :ex_cldr, repo: "hexpm", optional: false]}, {:ex_cldr_currencies, "~> 2.8", [hex: :ex_cldr_currencies, repo: "hexpm", optional: false]}, {:ex_doc, "~> 0.18", [hex: :ex_doc, repo: "hexpm", optional: true]}, {:jason, "~> 1.0", [hex: :jason, repo: "hexpm", optional: true]}], "hexpm", "ba7a6f9f50aaa7759d05e508a333747cf670c823b2857780b025f3c421f4f1d3"},
  "ex_cldr_units": {:hex, :ex_cldr_units, "3.4.0", "72a8471a2ec934b0569d7ea0e88a70ef265e19c43283463a707d5946a5e3a6e7", [:mix], [{:decimal, "~> 1.6 or ~> 2.0", [hex: :decimal, repo: "hexpm", optional: true]}, {:ex_cldr, "~> 2.19", [hex: :ex_cldr, repo: "hexpm", optional: false]}, {:ex_cldr_lists, "~> 2.7", [hex: :ex_cldr_lists, repo: "hexpm", optional: false]}, {:ex_cldr_numbers, "~> 2.16", [hex: :ex_cldr_numbers, repo: "hexpm", optional: false]}, {:jason, "~> 1.0", [hex: :jason, repo: "hexpm", optional: true]}, {:ratio, "~> 2.4", [hex: :ratio, repo: "hexpm", optional: false]}], "hexpm", "10af87e379c0f5eb1befe39035a4a5909d85a7e5734e65f35b2074fa087b8a2d"},
  "ex_doc": {:hex, :ex_doc, "0.23.0", "a069bc9b0bf8efe323ecde8c0d62afc13d308b1fa3d228b65bca5cf8703a529d", [:mix], [{:earmark_parser, "~> 1.4.0", [hex: :earmark_parser, repo: "hexpm", optional: false]}, {:makeup_elixir, "~> 0.14", [hex: :makeup_elixir, repo: "hexpm", optional: false]}], "hexpm", "f5e2c4702468b2fd11b10d39416ddadd2fcdd173ba2a0285ebd92c39827a5a16"},
  "ex_phone_number": {:hex, :ex_phone_number, "0.2.1", "c332d5119b0ffebe3f3e4c1d5264d544b972d5d350230d7b5b1586bbfaf1036e", [:mix], [{:sweet_xml, "~> 0.6.5", [hex: :sweet_xml, repo: "hexpm", optional: false]}], "hexpm", "988acbe6ffb70ee33164ad5c185dc6767028369280dcbb4ceda4bc66373b2b10"},
  "excoveralls": {:hex, :excoveralls, "0.13.4", "7b0baee01fe150ef81153e6ffc0fc68214737f54570dc257b3ca4da8e419b812", [:mix], [{:hackney, "~> 1.16", [hex: :hackney, repo: "hexpm", optional: false]}, {:jason, "~> 1.0", [hex: :jason, repo: "hexpm", optional: false]}], "hexpm", "faae00b3eee35cdf0342c10b669a7c91f942728217d2a7c7f644b24d391e6190"},
  "file_system": {:hex, :file_system, "0.2.10", "fb082005a9cd1711c05b5248710f8826b02d7d1784e7c3451f9c1231d4fc162d", [:mix], [], "hexpm", "41195edbfb562a593726eda3b3e8b103a309b733ad25f3d642ba49696bf715dc"},
  "floki": {:hex, :floki, "0.30.0", "22ebbe681a5d3777cdd830ca091b1b806d33c3449c26312eadca7f7be685c0c8", [:mix], [{:html_entities, "~> 0.5.0", [hex: :html_entities, repo: "hexpm", optional: false]}], "hexpm", "a9e128a4ca9bb71f11affa315b6768a9ad326d5996ff1e92acf1d7a01a10076a"},
  "gen_smtp": {:hex, :gen_smtp, "0.15.0", "9f51960c17769b26833b50df0b96123605a8024738b62db747fece14eb2fbfcc", [:rebar3], [], "hexpm", "29bd14a88030980849c7ed2447b8db6d6c9278a28b11a44cafe41b791205440f"},
  "gettext": {:hex, :gettext, "0.18.2", "7df3ea191bb56c0309c00a783334b288d08a879f53a7014341284635850a6e55", [:mix], [], "hexpm", "f9f537b13d4fdd30f3039d33cb80144c3aa1f8d9698e47d7bcbcc8df93b1f5c5"},
  "google_protos": {:hex, :google_protos, "0.1.0", "c6b9e12092d17571b093d4156d004494ca143b65dbbcbfc3ffff463ea03467c0", [:mix], [{:protobuf, "~> 0.5", [hex: :protobuf, repo: "hexpm", optional: false]}], "hexpm", "ff5564525f89d2638a4cfa9fb4d31e9ee9d9d7cb937b3e8a95f558440c039e1b"},
  "grpc": {:hex, :grpc, "0.5.0-beta.1", "7d43f52e138fe261f5b4981f1ada515dfc2e1bfa9dc92c7022e8f41e7e49b571", [:mix], [{:cowboy, "~> 2.7.0", [hex: :cowboy, repo: "hexpm", optional: false]}, {:gun, "~> 2.0.0", [hex: :grpc_gun, repo: "hexpm", optional: false]}, {:protobuf, "~> 0.5", [hex: :protobuf, repo: "hexpm", optional: false]}], "hexpm", "fbbf8872935c295b7575435fe4128372c23c6ded89c2ef8058af3c6167bb3f65"},
  "gun": {:hex, :grpc_gun, "2.0.0", "f99678a2ab975e74372a756c86ec30a8384d3ac8a8b86c7ed6243ef4e61d2729", [:rebar3], [{:cowlib, "~> 2.8.0", [hex: :cowlib, repo: "hexpm", optional: false]}], "hexpm", "03dbbca1a9c604a0267a40ea1d69986225091acb822de0b2dbea21d5815e410b"},
  "hackney": {:hex, :hackney, "1.17.0", "717ea195fd2f898d9fe9f1ce0afcc2621a41ecfe137fae57e7fe6e9484b9aa99", [:rebar3], [{:certifi, "~>2.5", [hex: :certifi, repo: "hexpm", optional: false]}, {:idna, "~>6.1.0", [hex: :idna, repo: "hexpm", optional: false]}, {:metrics, "~>1.0.0", [hex: :metrics, repo: "hexpm", optional: false]}, {:mimerl, "~>1.1", [hex: :mimerl, repo: "hexpm", optional: false]}, {:parse_trans, "~>3.3", [hex: :parse_trans, repo: "hexpm", optional: false]}, {:ssl_verify_fun, "~>1.1.0", [hex: :ssl_verify_fun, repo: "hexpm", optional: false]}, {:unicode_util_compat, "~>0.7.0", [hex: :unicode_util_compat, repo: "hexpm", optional: false]}], "hexpm", "64c22225f1ea8855f584720c0e5b3cd14095703af1c9fbc845ba042811dc671c"},
  "highlander": {:hex, :highlander, "0.2.1", "e59b459f857e89daf73f2598bf2b2c0479a435481e6101ea389fd3625919b052", [:mix], [], "hexpm", "5ba19a18358803d82a923511acec8ee85fac30731c5ca056f2f934bc3d3afd9a"},
  "html_entities": {:hex, :html_entities, "0.5.1", "1c9715058b42c35a2ab65edc5b36d0ea66dd083767bef6e3edb57870ef556549", [:mix], [], "hexpm", "30efab070904eb897ff05cd52fa61c1025d7f8ef3a9ca250bc4e6513d16c32de"},
  "human_readable_identifier_generator": {:hex, :human_readable_identifier_generator, "1.0.0", "0e58c50c60055af05118da93d948b03fbc698425618774a9d1b0532c29b95d73", [:mix], [], "hexpm", "3669c913a2bdc0342385deb832cc06852af897d80e14db1d50b163fe959e8435"},
  "idna": {:hex, :idna, "6.1.1", "8a63070e9f7d0c62eb9d9fcb360a7de382448200fbbd1b106cc96d3d8099df8d", [:rebar3], [{:unicode_util_compat, "~>0.7.0", [hex: :unicode_util_compat, repo: "hexpm", optional: false]}], "hexpm", "92376eb7894412ed19ac475e4a86f7b413c1b9fbb5bd16dccd57934157944cea"},
  "inet_cidr": {:hex, :inet_cidr, "1.0.4", "a05744ab7c221ca8e395c926c3919a821eb512e8f36547c062f62c4ca0cf3d6e", [:mix], [], "hexpm", "64a2d30189704ae41ca7dbdd587f5291db5d1dda1414e0774c29ffc81088c1bc"},
  "jason": {:hex, :jason, "1.2.2", "ba43e3f2709fd1aa1dce90aaabfd039d000469c05c56f0b8e31978e03fa39052", [:mix], [{:decimal, "~> 1.0 or ~> 2.0", [hex: :decimal, repo: "hexpm", optional: true]}], "hexpm", "18a228f5f0058ee183f29f9eae0805c6e59d61c3b006760668d8d18ff0d12179"},
  "jose": {:hex, :jose, "1.11.1", "59da64010c69aad6cde2f5b9248b896b84472e99bd18f246085b7b9fe435dcdb", [:mix, :rebar3], [], "hexpm", "078f6c9fb3cd2f4cfafc972c814261a7d1e8d2b3685c0a76eb87e158efff1ac5"},
  "jsone": {:hex, :jsone, "1.5.5", "e88519ca0427c83d0106c773afa7231429d0221aae9a4a4b11f9ca73ec18978a", [:rebar3], [], "hexpm", "ecb60cba1323679209686eeb56eb10a57b31ceb601d96840b04d8c6d39fb9cf5"},
  "libcluster": {:hex, :libcluster, "3.2.1", "b2cd5b447cde25d5897749bee6f7aaeb6c96ac379481024e9b6ba495dabeb97d", [:mix], [{:jason, "~> 1.1", [hex: :jason, repo: "hexpm", optional: false]}], "hexpm", "89f225612d135edce9def56f43bf18d575d88ac4680e3f6161283f2e55cadca4"},
  "mail": {:hex, :mail, "0.2.2", "b1d31beaa2a7b23d7b84b2794f037ef4dfdaba9e66d877142bedbaf0625b9c16", [:mix], [], "hexpm", "1c9d31548a60c44ded1806369e07a7dd4d05737eb47fa3238bbf2436b3da8a32"},
  "makeup": {:hex, :makeup, "1.0.5", "d5a830bc42c9800ce07dd97fa94669dfb93d3bf5fcf6ea7a0c67b2e0e4a7f26c", [:mix], [{:nimble_parsec, "~> 0.5 or ~> 1.0", [hex: :nimble_parsec, repo: "hexpm", optional: false]}], "hexpm", "cfa158c02d3f5c0c665d0af11512fed3fba0144cf1aadee0f2ce17747fba2ca9"},
  "makeup_elixir": {:hex, :makeup_elixir, "0.15.1", "b5888c880d17d1cc3e598f05cdb5b5a91b7b17ac4eaf5f297cb697663a1094dd", [:mix], [{:makeup, "~> 1.0", [hex: :makeup, repo: "hexpm", optional: false]}, {:nimble_parsec, "~> 1.1", [hex: :nimble_parsec, repo: "hexpm", optional: false]}], "hexpm", "db68c173234b07ab2a07f645a5acdc117b9f99d69ebf521821d89690ae6c6ec8"},
  "metrics": {:hex, :metrics, "1.0.1", "25f094dea2cda98213cecc3aeff09e940299d950904393b2a29d191c346a8486", [:rebar3], [], "hexpm", "69b09adddc4f74a40716ae54d140f93beb0fb8978d8636eaded0c31b6f099f16"},
  "mime": {:hex, :mime, "1.5.0", "203ef35ef3389aae6d361918bf3f952fa17a09e8e43b5aa592b93eba05d0fb8d", [:mix], [], "hexpm", "55a94c0f552249fc1a3dd9cd2d3ab9de9d3c89b559c2bd01121f824834f24746"},
  "mimerl": {:hex, :mimerl, "1.2.0", "67e2d3f571088d5cfd3e550c383094b47159f3eee8ffa08e64106cdf5e981be3", [:rebar3], [], "hexpm", "f278585650aa581986264638ebf698f8bb19df297f66ad91b18910dfc6e19323"},
  "mint": {:hex, :mint, "1.2.1", "369cc8fecc54afd170e11740aa7efd066709e5ef3b5a2c63f0a47d1542cbd56a", [:mix], [{:castore, "~> 0.1.0", [hex: :castore, repo: "hexpm", optional: true]}], "hexpm", "053fe2f48c965f31878a16272478d9299fa412bc4df86dee2678986f2e40e018"},
  "mox": {:hex, :mox, "1.0.0", "4b3c7005173f47ff30641ba044eb0fe67287743eec9bd9545e37f3002b0a9f8b", [:mix], [], "hexpm", "201b0a20b7abdaaab083e9cf97884950f8a30a1350a1da403b3145e213c6f4df"},
  "nebulex": {:hex, :nebulex, "2.0.0-rc.2", "ad7edfc17d375964a3783f8ff40c256a7b98ef77a87a543da3541badce5a401f", [:mix], [{:decorator, "~> 1.3", [hex: :decorator, repo: "hexpm", optional: true]}, {:shards, "~> 1.0", [hex: :shards, repo: "hexpm", optional: true]}, {:telemetry, "~> 0.4", [hex: :telemetry, repo: "hexpm", optional: true]}], "hexpm", "83ff8c48969ec6dc3e581bb1ff2bf3d6714be3c85a7dd6f5c30d5ef9f26e30d2"},
  "nimble_parsec": {:hex, :nimble_parsec, "1.1.0", "3a6fca1550363552e54c216debb6a9e95bd8d32348938e13de5eda962c0d7f89", [:mix], [], "hexpm", "08eb32d66b706e913ff748f11694b17981c0b04a33ef470e33e11b3d3ac8f54b"},
  "numbers": {:hex, :numbers, "5.2.3", "d721b0702e3d8ebfaaa64af3419b9b49ffbc3836bd7511b935796499d51141ca", [:mix], [{:coerce, "~> 1.0", [hex: :coerce, repo: "hexpm", optional: false]}, {:decimal, "~> 1.9", [hex: :decimal, repo: "hexpm", optional: true]}], "hexpm", "ec62408c8bc02d79c6b9f798de321f65876afdcf7f8654190601df2cfe60cc18"},
  "oidcc": {:git, "https://github.com/jshmrtn/oidcc.git", "3f75f902c038e7e0080aeefbab7fdb79949f21b3", [branch: "master"]},
  "openapi_compiler": {:hex, :openapi_compiler, "1.0.0-beta.13", "e2f4af1dd210201202232e0085c8f3b64b5064c06557cc1cdee4784872c71430", [:mix], [{:jason, "~> 1.2", [hex: :jason, repo: "hexpm", optional: false]}, {:tesla, "~> 1.3", [hex: :tesla, repo: "hexpm", optional: false]}, {:uri_template, "~> 1.2", [hex: :uri_template, repo: "hexpm", optional: false]}, {:yamerl, "~> 0.7", [hex: :yamerl, repo: "hexpm", optional: false]}], "hexpm", "f67c01168c9842a68a5d4514fe226a294df707bac03fc779cd61f242c3b097d1"},
  "paginator": {:hex, :paginator, "1.0.3", "e452cf0f1913b33d17bb2b0331210ac903ccacf9dbe243d210003f1605256b1d", [:mix], [{:ecto, "~> 3.0", [hex: :ecto, repo: "hexpm", optional: false]}, {:ecto_sql, "~> 3.0", [hex: :ecto_sql, repo: "hexpm", optional: false]}, {:plug_crypto, "~> 1.2.0", [hex: :plug_crypto, repo: "hexpm", optional: false]}, {:postgrex, "~> 0.13", [hex: :postgrex, repo: "hexpm", optional: true]}], "hexpm", "7089d8fa4e902fadd7aed4ca704d8ba10c58f1ea1ad2a1b8ba4f231970b5870d"},
  "paper_trail": {:hex, :paper_trail, "0.12.1", "ae01c48994fab632222b5a7a266974f296a711eaddf142db84a1f52c5227075f", [:mix], [{:ecto, ">= 3.4.6", [hex: :ecto, repo: "hexpm", optional: false]}, {:ecto_sql, ">= 3.4.5", [hex: :ecto_sql, repo: "hexpm", optional: false]}], "hexpm", "b5992ee4ee7d9b54df205b06bd5fdebace545d7f3a44676f0306c1994dde9e6a"},
  "parallel_stream": {:hex, :parallel_stream, "1.0.6", "b967be2b23f0f6787fab7ed681b4c45a215a81481fb62b01a5b750fa8f30f76c", [:mix], [], "hexpm", "639b2e8749e11b87b9eb42f2ad325d161c170b39b288ac8d04c4f31f8f0823eb"},
  "parse_trans": {:hex, :parse_trans, "3.3.1", "16328ab840cc09919bd10dab29e431da3af9e9e7e7e6f0089dd5a2d2820011d8", [:rebar3], [], "hexpm", "07cd9577885f56362d414e8c4c4e6bdf10d43a8767abb92d24cbe8b24c54888b"},
  "pdf_generator": {:hex, :pdf_generator, "0.6.2", "601f145a0db0dcd7b8c35e1698038f78f18fc42eb3bd2001f826a3a239205f0e", [:mix], [], "hexpm", "82af2debaae156834b14dc0727cd8c3ded70ed4a2a909107d514bf28f5d1fc35"},
  "phoenix": {:hex, :phoenix, "1.5.7", "2923bb3af924f184459fe4fa4b100bd25fa6468e69b2803dfae82698269aa5e0", [:mix], [{:jason, "~> 1.0", [hex: :jason, repo: "hexpm", optional: true]}, {:phoenix_html, "~> 2.13", [hex: :phoenix_html, repo: "hexpm", optional: true]}, {:phoenix_pubsub, "~> 2.0", [hex: :phoenix_pubsub, repo: "hexpm", optional: false]}, {:plug, "~> 1.10", [hex: :plug, repo: "hexpm", optional: false]}, {:plug_cowboy, "~> 1.0 or ~> 2.2", [hex: :plug_cowboy, repo: "hexpm", optional: true]}, {:plug_crypto, "~> 1.1.2 or ~> 1.2", [hex: :plug_crypto, repo: "hexpm", optional: false]}, {:telemetry, "~> 0.4", [hex: :telemetry, repo: "hexpm", optional: false]}], "hexpm", "774cd64417c5a3788414fdbb2be2eb9bcd0c048d9e6ad11a0c1fd67b7c0d0978"},
  "phoenix_active_link": {:hex, :phoenix_active_link, "0.3.1", "249085dee4ac86d0a89675d51e04b22af5143c87764a997850e31c00927a3b4d", [:mix], [{:phoenix_html, "~> 2.10", [hex: :phoenix_html, repo: "hexpm", optional: false]}], "hexpm", "64feabce9a89e1bd245c92d54f486efccc84ef23dfc88d6a4abd0d5b6aeaf8d2"},
  "phoenix_ecto": {:hex, :phoenix_ecto, "4.2.1", "13f124cf0a3ce0f1948cf24654c7b9f2347169ff75c1123f44674afee6af3b03", [:mix], [{:ecto, "~> 3.0", [hex: :ecto, repo: "hexpm", optional: false]}, {:phoenix_html, "~> 2.14.2 or ~> 2.15", [hex: :phoenix_html, repo: "hexpm", optional: true]}, {:plug, "~> 1.0", [hex: :plug, repo: "hexpm", optional: false]}], "hexpm", "478a1bae899cac0a6e02be1deec7e2944b7754c04e7d4107fc5a517f877743c0"},
  "phoenix_html": {:hex, :phoenix_html, "2.14.3", "51f720d0d543e4e157ff06b65de38e13303d5778a7919bcc696599e5934271b8", [:mix], [{:plug, "~> 1.5", [hex: :plug, repo: "hexpm", optional: false]}], "hexpm", "efd697a7fff35a13eeeb6b43db884705cba353a1a41d127d118fda5f90c8e80f"},
  "phoenix_live_dashboard": {:hex, :phoenix_live_dashboard, "0.4.0", "87990e68b60213d7487e65814046f9a2bed4a67886c943270125913499b3e5c3", [:mix], [{:ecto_psql_extras, "~> 0.4.1 or ~> 0.5", [hex: :ecto_psql_extras, repo: "hexpm", optional: true]}, {:phoenix_html, "~> 2.14.1 or ~> 2.15", [hex: :phoenix_html, repo: "hexpm", optional: false]}, {:phoenix_live_view, "~> 0.15.0", [hex: :phoenix_live_view, repo: "hexpm", optional: false]}, {:telemetry_metrics, "~> 0.4.0 or ~> 0.5.0 or ~> 0.6.0", [hex: :telemetry_metrics, repo: "hexpm", optional: false]}], "hexpm", "8d52149e58188e9e4497cc0d8900ab94d9b66f96998ec38c47c7a4f8f4f50e57"},
  "phoenix_live_reload": {:hex, :phoenix_live_reload, "1.3.0", "f35f61c3f959c9a01b36defaa1f0624edd55b87e236b606664a556d6f72fd2e7", [:mix], [{:file_system, "~> 0.2.1 or ~> 0.3", [hex: :file_system, repo: "hexpm", optional: false]}, {:phoenix, "~> 1.4", [hex: :phoenix, repo: "hexpm", optional: false]}], "hexpm", "02c1007ae393f2b76ec61c1a869b1e617179877984678babde131d716f95b582"},
  "phoenix_live_view": {:hex, :phoenix_live_view, "0.15.4", "86908dc9603cc81c07e84725ee42349b5325cb250c9c20d3533856ff18dbb7dc", [:mix], [{:jason, "~> 1.0", [hex: :jason, repo: "hexpm", optional: true]}, {:phoenix, "~> 1.5.7", [hex: :phoenix, repo: "hexpm", optional: false]}, {:phoenix_html, "~> 2.14", [hex: :phoenix_html, repo: "hexpm", optional: false]}, {:telemetry, "~> 0.4.2 or ~> 0.5", [hex: :telemetry, repo: "hexpm", optional: false]}], "hexpm", "35d78f3c35fe10a995dca5f4ab50165b7a90cbe02e23de245381558f821e9462"},
  "phoenix_pubsub": {:hex, :phoenix_pubsub, "2.0.0", "a1ae76717bb168cdeb10ec9d92d1480fec99e3080f011402c0a2d68d47395ffb", [:mix], [], "hexpm", "c52d948c4f261577b9c6fa804be91884b381a7f8f18450c5045975435350f771"},
  "plug": {:hex, :plug, "1.11.0", "f17217525597628298998bc3baed9f8ea1fa3f1160aa9871aee6df47a6e4d38e", [:mix], [{:mime, "~> 1.0", [hex: :mime, repo: "hexpm", optional: false]}, {:plug_crypto, "~> 1.1.1 or ~> 1.2", [hex: :plug_crypto, repo: "hexpm", optional: false]}, {:telemetry, "~> 0.4", [hex: :telemetry, repo: "hexpm", optional: false]}], "hexpm", "2d9c633f0499f9dc5c2fd069161af4e2e7756890b81adcbb2ceaa074e8308876"},
  "plug_checkup": {:hex, :plug_checkup, "0.6.0", "595d567a9c7d4504460800794641d7145b4723b0288bd78c411d2657eb76bc4b", [:mix], [{:plug, "~> 1.4", [hex: :plug, repo: "hexpm", optional: false]}], "hexpm", "7362c7161e4cb60eb7adc8c2ffc65c3bc87371eec276b081bca18d4b32fb6952"},
  "plug_content_security_policy": {:hex, :plug_content_security_policy, "0.2.1", "0a19c76307ad000b3757739c14b34b83ecccf7d0a3472e64e14797a20b62939b", [:mix], [{:plug, "~> 1.3", [hex: :plug, repo: "hexpm", optional: false]}], "hexpm", "ceea10050671c0387c64526e2cb337ee08e12705c737eaed80439266df5b2e29"},
  "plug_cowboy": {:hex, :plug_cowboy, "2.4.1", "779ba386c0915027f22e14a48919a9545714f849505fa15af2631a0d298abf0f", [:mix], [{:cowboy, "~> 2.7", [hex: :cowboy, repo: "hexpm", optional: false]}, {:cowboy_telemetry, "~> 0.3", [hex: :cowboy_telemetry, repo: "hexpm", optional: false]}, {:plug, "~> 1.7", [hex: :plug, repo: "hexpm", optional: false]}, {:telemetry, "~> 0.4", [hex: :telemetry, repo: "hexpm", optional: false]}], "hexpm", "d72113b6dff7b37a7d9b2a5b68892808e3a9a752f2bf7e503240945385b70507"},
  "plug_crypto": {:hex, :plug_crypto, "1.2.0", "1cb20793aa63a6c619dd18bb33d7a3aa94818e5fd39ad357051a67f26dfa2df6", [:mix], [], "hexpm", "a48b538ae8bf381ffac344520755f3007cc10bd8e90b240af98ea29b69683fc2"},
  "plug_dynamic": {:hex, :plug_dynamic, "1.0.0", "aecc1a6c19bb4a4d3ceb35ae85999e9ec77cf50eeead754607bc657d47478b32", [:mix], [{:plug, "~> 1.6", [hex: :plug, repo: "hexpm", optional: false]}], "hexpm", "403590330db12255755e0ce6397aaf05b000f255cfe5ea8edf70dc9d4413b99c"},
  "polymorphic_embed": {:hex, :polymorphic_embed, "1.3.4", "040f87b12b6baeadb072a55de9e0188c90cc0bf0c89ffd6672fc4b58118b5cf5", [:mix], [{:ecto, "~> 3.5", [hex: :ecto, repo: "hexpm", optional: false]}, {:jason, "~> 1.2", [hex: :jason, repo: "hexpm", optional: false]}, {:phoenix_html, "~> 2.14", [hex: :phoenix_html, repo: "hexpm", optional: true]}], "hexpm", "30cb444aea766d59ea931e97a487331f42b312afdefb51de1a196ec2ea357a4b"},
  "postgrex": {:hex, :postgrex, "0.15.8", "f5e782bbe5e8fa178d5e3cd1999c857dc48eda95f0a4d7f7bd92a50e84a0d491", [:mix], [{:connection, "~> 1.0", [hex: :connection, repo: "hexpm", optional: false]}, {:db_connection, "~> 2.1", [hex: :db_connection, repo: "hexpm", optional: false]}, {:decimal, "~> 1.5 or ~> 2.0", [hex: :decimal, repo: "hexpm", optional: false]}, {:jason, "~> 1.0", [hex: :jason, repo: "hexpm", optional: true]}], "hexpm", "698fbfacea34c4cf22c8281abeb5cf68d99628d541874f085520ab3b53d356fe"},
  "protobuf": {:hex, :protobuf, "0.7.1", "7d1b9f7d9ecb32eccd96b0c58572de4d1c09e9e3bc414e4cb15c2dce7013f195", [:mix], [], "hexpm", "6eff7a5287963719521c82e5d5b4583fd1d7cdd89ad129f0ea7d503a50a4d13f"},
  "ranch": {:hex, :ranch, "1.7.1", "6b1fab51b49196860b733a49c07604465a47bdb78aa10c1c16a3d199f7f8c881", [:rebar3], [], "hexpm", "451d8527787df716d99dc36162fca05934915db0b6141bbdac2ea8d3c7afc7d7"},
  "ratio": {:hex, :ratio, "2.4.2", "c8518f3536d49b1b00d88dd20d49f8b11abb7819638093314a6348139f14f9f9", [:mix], [{:decimal, "~> 1.6 or ~> 2.0", [hex: :decimal, repo: "hexpm", optional: true]}, {:numbers, "~> 5.2.0", [hex: :numbers, repo: "hexpm", optional: false]}], "hexpm", "441ef6f73172a3503de65ccf1769030997b0d533b1039422f1e5e0e0b4cbf89e"},
  "remote_ip": {:hex, :remote_ip, "0.2.1", "cd27cd8ea54ecaaf3532776ff4c5e353b3804e710302e88c01eadeaaf42e7e24", [:mix], [{:combine, "~> 0.10", [hex: :combine, repo: "hexpm", optional: false]}, {:inet_cidr, "~> 1.0", [hex: :inet_cidr, repo: "hexpm", optional: false]}, {:plug, "~> 1.5", [hex: :plug, repo: "hexpm", optional: false]}], "hexpm", "2e7ab1a461cc3cd5719f37e116a08f45c8b8493923063631b164315d6b7ee8e0"},
  "sentry": {:hex, :sentry, "8.0.4", "6886ea584fa0dfc144dd3d8c4723570a4c0c6387a639077de34fce96b11995e2", [:mix], [{:hackney, "~> 1.8", [hex: :hackney, repo: "hexpm", optional: true]}, {:jason, "~> 1.1", [hex: :jason, repo: "hexpm", optional: true]}, {:plug, "~> 1.6", [hex: :plug, repo: "hexpm", optional: true]}, {:plug_cowboy, "~> 2.3", [hex: :plug_cowboy, repo: "hexpm", optional: true]}], "hexpm", "781e4e0a8d4524c015f0f8d82e6bc30e6bf33df622da58d8c89d30c3cb943e67"},
  "shards": {:hex, :shards, "1.0.1", "1bdbbf047db27f3c3eb800a829d4a47062c84d5543cbfebcfc4c14d038bf9220", [:make, :rebar3], [], "hexpm", "2c57788afbf053c4024366772892beee89b8b72e884e764fb0a075dfa7442041"},
  "socket": {:hex, :socket, "0.3.13", "98a2ab20ce17f95fb512c5cadddba32b57273e0d2dba2d2e5f976c5969d0c632", [:mix], [], "hexpm", "f82ea9833ef49dde272e6568ab8aac657a636acb4cf44a7de8a935acb8957c2e"},
  "ssl_verify_fun": {:hex, :ssl_verify_fun, "1.1.6", "cf344f5692c82d2cd7554f5ec8fd961548d4fd09e7d22f5b62482e5aeaebd4b0", [:make, :mix, :rebar3], [], "hexpm", "bdb0d2471f453c88ff3908e7686f86f9be327d065cc1ec16fa4540197ea04680"},
  "surface": {:hex, :surface, "0.2.1", "adc84352e421d8af0774d1600a8bd1ff1309d3351bb489f38a06a22bc0b2a10a", [:mix], [{:earmark, "~> 1.3", [hex: :earmark, repo: "hexpm", optional: false]}, {:jason, "~> 1.0", [hex: :jason, repo: "hexpm", optional: false]}, {:nimble_parsec, "~> 0.5 or ~> 1.0", [hex: :nimble_parsec, repo: "hexpm", optional: false]}, {:phoenix_live_view, "~> 0.15.0", [hex: :phoenix_live_view, repo: "hexpm", optional: false]}], "hexpm", "20ce3b3f134409f3c703ac78a0e40f14293efc6460c0f0d5f5575ebd70bb1d39"},
  "surface_formatter": {:hex, :surface_formatter, "0.2.0", "94963a64636e96089716d0d60aed990099723624e810b299cc89bd1a497fd33e", [:mix], [{:surface, "~> 0.2.0", [hex: :surface, repo: "hexpm", optional: false]}], "hexpm", "cb10995b9142f00fade98ef58d57bce5daef4d4b524c7ec8b698f7cd31d9ca7a"},
  "sweet_xml": {:hex, :sweet_xml, "0.6.6", "fc3e91ec5dd7c787b6195757fbcf0abc670cee1e4172687b45183032221b66b8", [:mix], [], "hexpm", "2e1ec458f892ffa81f9f8386e3f35a1af6db7a7a37748a64478f13163a1f3573"},
  "table_rex": {:hex, :table_rex, "3.0.0", "5189b71b3b92ed461358f40f7b7b630dc37716bf6c8ab3e934b2bc63a99028bd", [:mix], [], "hexpm", "582776d24cbe6a4d30a39a7f02035b1bc979b6cd64923d7234dd2f0ad21a18c7"},
  "telemetry": {:hex, :telemetry, "0.4.2", "2808c992455e08d6177322f14d3bdb6b625fbcfd233a73505870d8738a2f4599", [:rebar3], [], "hexpm", "2d1419bd9dda6a206d7b5852179511722e2b18812310d304620c7bd92a13fcef"},
  "telemetry_metrics": {:hex, :telemetry_metrics, "0.6.0", "da9d49ee7e6bb1c259d36ce6539cd45ae14d81247a2b0c90edf55e2b50507f7b", [:mix], [{:telemetry, "~> 0.4", [hex: :telemetry, repo: "hexpm", optional: false]}], "hexpm", "5cfe67ad464b243835512aa44321cee91faed6ea868d7fb761d7016e02915c3d"},
  "telemetry_metrics_prometheus": {:hex, :telemetry_metrics_prometheus, "1.0.0", "be735000bba50876a4b209df217045be8d1609cbd43756aa49130cab43d06d06", [:mix], [{:plug_cowboy, "~> 2.1", [hex: :plug_cowboy, repo: "hexpm", optional: false]}, {:telemetry_metrics_prometheus_core, "~> 1.0.0", [hex: :telemetry_metrics_prometheus_core, repo: "hexpm", optional: false]}], "hexpm", "470ceb082fc16f166e7e10b1703bf383ccf4894ddbda481c21d38ad305315212"},
  "telemetry_metrics_prometheus_core": {:hex, :telemetry_metrics_prometheus_core, "1.0.0", "e66c145f78ba3e0321a7f825e9593025ab97efa507dcff40fcc78c05194a7df5", [:mix], [{:telemetry, "~> 0.4", [hex: :telemetry, repo: "hexpm", optional: false]}, {:telemetry_metrics, "~> 0.6", [hex: :telemetry_metrics, repo: "hexpm", optional: false]}], "hexpm", "1406edc0bcacd9a62233af68a84c750e74665c63252ceb1eba3be6c4b2157661"},
  "telemetry_poller": {:hex, :telemetry_poller, "0.5.1", "21071cc2e536810bac5628b935521ff3e28f0303e770951158c73eaaa01e962a", [:rebar3], [{:telemetry, "~> 0.4", [hex: :telemetry, repo: "hexpm", optional: false]}], "hexpm", "4cab72069210bc6e7a080cec9afffad1b33370149ed5d379b81c7c5f0c663fd4"},
  "tesla": {:hex, :tesla, "1.4.0", "1081bef0124b8bdec1c3d330bbe91956648fb008cf0d3950a369cda466a31a87", [:mix], [{:castore, "~> 0.1", [hex: :castore, repo: "hexpm", optional: true]}, {:exjsx, ">= 3.0.0", [hex: :exjsx, repo: "hexpm", optional: true]}, {:finch, "~> 0.3", [hex: :finch, repo: "hexpm", optional: true]}, {:fuse, "~> 2.4", [hex: :fuse, repo: "hexpm", optional: true]}, {:gun, "~> 1.3", [hex: :gun, repo: "hexpm", optional: true]}, {:hackney, "~> 1.6", [hex: :hackney, repo: "hexpm", optional: true]}, {:ibrowse, "~> 4.4.0", [hex: :ibrowse, repo: "hexpm", optional: true]}, {:jason, ">= 1.0.0", [hex: :jason, repo: "hexpm", optional: true]}, {:mime, "~> 1.0", [hex: :mime, repo: "hexpm", optional: false]}, {:mint, "~> 1.0", [hex: :mint, repo: "hexpm", optional: true]}, {:poison, ">= 1.0.0", [hex: :poison, repo: "hexpm", optional: true]}, {:telemetry, "~> 0.4", [hex: :telemetry, repo: "hexpm", optional: true]}], "hexpm", "bf1374a5569f5fca8e641363b63f7347d680d91388880979a33bc12a6eb3e0aa"},
  "tzdata": {:hex, :tzdata, "1.1.0", "72f5babaa9390d0f131465c8702fa76da0919e37ba32baa90d93c583301a8359", [:mix], [{:hackney, "~> 1.17", [hex: :hackney, repo: "hexpm", optional: false]}], "hexpm", "18f453739b48d3dc5bcf0e8906d2dc112bb40baafe2c707596d89f3c8dd14034"},
  "unicode_util_compat": {:hex, :unicode_util_compat, "0.7.0", "bc84380c9ab48177092f43ac89e4dfa2c6d62b40b8bd132b1059ecc7232f9a78", [:rebar3], [], "hexpm", "25eee6d67df61960cf6a794239566599b09e17e668d3700247bc498638152521"},
  "uri_template": {:hex, :uri_template, "1.2.1", "cc36ef5d18a3a5a23ce35a450ab5b139d5e49ce132b08b7f8797c17efc69d594", [:mix], [], "hexpm", "fe9a2dfeb4fd289b376df2b84dc2dc2d3244364f0ecf0c21e9832fbb756d524d"},
  "websms": {:hex, :websms, "1.0.0-alpha.1", "b92d86cc86fbbb379585e910402ff032d22cc5bf3025a4d2513dccc483f98a42", [:mix], [{:castore, "~> 0.1", [hex: :castore, repo: "hexpm", optional: false]}, {:mint, "~> 1.0", [hex: :mint, repo: "hexpm", optional: false]}, {:openapi_compiler, "~> 1.0-beta", [hex: :openapi_compiler, repo: "hexpm", optional: false]}], "hexpm", "19c71783208febfed3f37b050b45b7b4be680b0dc5f3c2bfeedf9dd1db10c997"},
  "xlsxir": {:hex, :xlsxir, "1.6.4", "d1e69439cbd9edc1190950f9f883ac364e1f31641e0395ccdb27761791b169a3", [:mix], [{:erlsom, "~> 1.5", [hex: :erlsom, repo: "hexpm", optional: false]}], "hexpm", "38e91f65eb8a4c8dea07d941c8b7e21baf8c8d4938232395c9ffd19d2eb071f2"},
  "yamerl": {:hex, :yamerl, "0.8.1", "07da13ffa1d8e13948943789665c62ccd679dfa7b324a4a2ed3149df17f453a4", [:rebar3], [], "hexpm", "96cb30f9d64344fed0ef8a92e9f16f207de6c04dfff4f366752ca79f5bceb23f"},
  "zitadel_api": {:hex, :zitadel_api, "1.0.0-beta.2", "200faeb7f491664b9a4c784dfa8522833a1bc3d829d8729bce847ffd2017f562", [:mix], [{:google_protos, "~> 0.1.0", [hex: :google_protos, repo: "hexpm", optional: false]}, {:grpc, "~> 0.5.0-beta.1", [hex: :grpc, repo: "hexpm", optional: false]}], "hexpm", "a14117bfab86ba156eda0fbdfcdee15debf306305e218489bb33deffb05a1a8f"},
}
