%{
  "absinthe": {:git, "https://github.com/absinthe-graphql/absinthe.git", "43593796a84400ad01d05e0278dee358a3872970", [branch: "master"]},
  "absinthe_error_payload": {:hex, :absinthe_error_payload, "1.0.1", "0696314517f2d42a4e942cdeaf0c42a05db4135c6e9257607b4b13ebc83f894f", [:make, :mix], [{:absinthe, "~> 1.3", [hex: :absinthe, repo: "hexpm", optional: false]}, {:ecto, "~> 3.1", [hex: :ecto, repo: "hexpm", optional: false]}], "hexpm", "03b300138a2fd4b0c012401ce4e1d038f89d22f3aa49f8066c959208902469b7"},
  "absinthe_phoenix": {:hex, :absinthe_phoenix, "2.0.0", "01c6a90af0ca12ee08d0fb93e23f9890d75bb6d3027f49ee4383bc03058ef5c3", [:mix], [{:absinthe, "~> 1.5.0", [hex: :absinthe, repo: "hexpm", optional: false]}, {:absinthe_plug, "~> 1.5.0", [hex: :absinthe_plug, repo: "hexpm", optional: false]}, {:decimal, "~> 1.0", [hex: :decimal, repo: "hexpm", optional: false]}, {:phoenix, "~> 1.5", [hex: :phoenix, repo: "hexpm", optional: false]}, {:phoenix_html, "~> 2.13", [hex: :phoenix_html, repo: "hexpm", optional: true]}, {:phoenix_pubsub, "~> 2.0", [hex: :phoenix_pubsub, repo: "hexpm", optional: false]}], "hexpm", "7ffbfe9fb82a14cafb78885cc2cef4f9d454bbbe2c95eec12b5463f5a20d1020"},
  "absinthe_plug": {:hex, :absinthe_plug, "1.5.0", "018ef544cf577339018d1f482404b4bed762e1b530c78be9de4bbb88a6f3a805", [:mix], [{:absinthe, "~> 1.5.0", [hex: :absinthe, repo: "hexpm", optional: false]}, {:plug, "~> 1.3.2 or ~> 1.4", [hex: :plug, repo: "hexpm", optional: false]}], "hexpm", "4c160f4ce9a1233a4219a42de946e4e05d0e8733537cd5d8d20e7d4ef8d4b7c7"},
  "absinthe_relay": {:hex, :absinthe_relay, "1.5.0", "df4bc8891aa9d28dca31569d14c86c300a8c378a54fbc6e2ae9a45e5a3aa01fe", [:mix], [{:absinthe, "~> 1.5.0", [hex: :absinthe, repo: "hexpm", optional: false]}, {:ecto, "~> 2.0 or ~> 3.0", [hex: :ecto, repo: "hexpm", optional: true]}], "hexpm", "173cc44ccbf77c98cb4d2f05847b4c66f9ce2f436db16403c95e062b252b6081"},
  "bamboo": {:hex, :bamboo, "1.6.0", "adfb583bef028923aae6f22deaea6667290561da1246058556ecaeb0fec5a175", [:mix], [{:hackney, ">= 1.13.0", [hex: :hackney, repo: "hexpm", optional: false]}, {:jason, "~> 1.0", [hex: :jason, repo: "hexpm", optional: true]}, {:plug, "~> 1.0", [hex: :plug, repo: "hexpm", optional: false]}], "hexpm", "454e67feacbc9b6e00553ce1d2fba003c861e0035600d59b09d6159985b17f9b"},
  "bamboo_smtp": {:hex, :bamboo_smtp, "3.0.0", "b7f0c371af96a1cb7131908918b02abb228f9db234910bf10cf4fb177c083259", [:mix], [{:bamboo, "~> 1.2", [hex: :bamboo, repo: "hexpm", optional: false]}, {:gen_smtp, "~> 0.15.0", [hex: :gen_smtp, repo: "hexpm", optional: false]}], "hexpm", "77cb1fa3076b24109e54df622161fe1e5619376b4ecf86d8b99b46f327acc49f"},
  "base64url": {:hex, :base64url, "0.0.1", "36a90125f5948e3afd7be97662a1504b934dd5dac78451ca6e9abf85a10286be", [:rebar], [], "hexpm", "fab09b20e3f5db886725544cbcf875b8e73ec93363954eb8a1a9ed834aa8c1f9"},
  "briefly": {:hex, :briefly, "0.3.0", "16e6b76d2070ebc9cbd025fa85cf5dbaf52368c4bd896fb482b5a6b95a540c2f", [:mix], [], "hexpm", "c6ebf8fc3dcd4950dd10c03e953fb4f553a8bcf0ff4c8c40d71542434cd7e046"},
  "bunt": {:hex, :bunt, "0.2.0", "951c6e801e8b1d2cbe58ebbd3e616a869061ddadcc4863d0a2182541acae9a38", [:mix], [], "hexpm", "7af5c7e09fe1d40f76c8e4f9dd2be7cebd83909f31fee7cd0e9eadc567da8353"},
  "cadastre": {:hex, :cadastre, "0.1.4", "55bd0d37c1e9886c05570837ad1fdfce6837259a815cd83a8c8468eb57c3724f", [:mix], [{:gettext, ">= 0.0.0", [hex: :gettext, repo: "hexpm", optional: false]}], "hexpm", "8ae2d8ab81d80fd69526abff2bd9ed1e426835670152b30fbfbd9ad4d35adb13"},
  "castore": {:hex, :castore, "0.1.8", "1b61eaba71bb755b756ac42d4741f4122f8beddb92456a84126d6177ec0af1fc", [:mix], [], "hexpm", "23ab8305baadb057bc689adc0088309f808cb2247dc9a48b87849bb1d242bb6c"},
  "certifi": {:hex, :certifi, "2.5.2", "b7cfeae9d2ed395695dd8201c57a2d019c0c43ecaf8b8bcb9320b40d6662f340", [:rebar3], [{:parse_trans, "~>3.3", [hex: :parse_trans, repo: "hexpm", optional: false]}], "hexpm", "3b3b5f36493004ac3455966991eaf6e768ce9884693d9968055aeeeb1e575040"},
  "cldr_utils": {:hex, :cldr_utils, "2.14.0", "edcef8dd2654b93d84a90087f3536ffabf9c9d82b34ff82bc9ca54c0668b3a4a", [:mix], [{:castore, "~> 0.1", [hex: :castore, repo: "hexpm", optional: true]}, {:certifi, "~> 2.5", [hex: :certifi, repo: "hexpm", optional: true]}, {:decimal, "~> 1.6 or ~> 2.0", [hex: :decimal, repo: "hexpm", optional: false]}], "hexpm", "6903356ff6988342a29b90637eece4ca98a4ed2b9759c22233d3474ade57645a"},
  "coerce": {:hex, :coerce, "1.0.1", "211c27386315dc2894ac11bc1f413a0e38505d808153367bd5c6e75a4003d096", [:mix], [], "hexpm", "b44a691700f7a1a15b4b7e2ff1fa30bebd669929ac8aa43cffe9e2f8bf051cf1"},
  "combine": {:hex, :combine, "0.10.0", "eff8224eeb56498a2af13011d142c5e7997a80c8f5b97c499f84c841032e429f", [:mix], [], "hexpm", "1b1dbc1790073076580d0d1d64e42eae2366583e7aecd455d1215b0d16f2451b"},
  "connection": {:hex, :connection, "1.0.4", "a1cae72211f0eef17705aaededacac3eb30e6625b04a6117c1b2db6ace7d5976", [:mix], [], "hexpm", "4a0850c9be22a43af9920a71ab17c051f5f7d45c209e40269a1938832510e4d9"},
  "cors_plug": {:hex, :cors_plug, "2.0.2", "2b46083af45e4bc79632bd951550509395935d3e7973275b2b743bd63cc942ce", [:mix], [{:plug, "~> 1.8", [hex: :plug, repo: "hexpm", optional: false]}], "hexpm", "f0d0e13f71c51fd4ef8b2c7e051388e4dfb267522a83a22392c856de7e46465f"},
  "cowboy": {:hex, :cowboy, "2.7.0", "91ed100138a764355f43316b1d23d7ff6bdb0de4ea618cb5d8677c93a7a2f115", [:rebar3], [{:cowlib, "~> 2.8.0", [hex: :cowlib, repo: "hexpm", optional: false]}, {:ranch, "~> 1.7.1", [hex: :ranch, repo: "hexpm", optional: false]}], "hexpm", "04fd8c6a39edc6aaa9c26123009200fc61f92a3a94f3178c527b70b767c6e605"},
  "cowboy_telemetry": {:hex, :cowboy_telemetry, "0.3.1", "ebd1a1d7aff97f27c66654e78ece187abdc646992714164380d8a041eda16754", [:rebar3], [{:cowboy, "~> 2.7", [hex: :cowboy, repo: "hexpm", optional: false]}, {:telemetry, "~> 0.4", [hex: :telemetry, repo: "hexpm", optional: false]}], "hexpm", "3a6efd3366130eab84ca372cbd4a7d3c3a97bdfcfb4911233b035d117063f0af"},
  "cowlib": {:hex, :cowlib, "2.8.0", "fd0ff1787db84ac415b8211573e9a30a3ebe71b5cbff7f720089972b2319c8a4", [:rebar3], [], "hexpm", "79f954a7021b302186a950a32869dbc185523d99d3e44ce430cd1f3289f41ed4"},
  "credo": {:hex, :credo, "1.5.1", "4fe303cc828412b9d21eed4eab60914c401e71f117f40243266aafb66f30d036", [:mix], [{:bunt, "~> 0.2.0", [hex: :bunt, repo: "hexpm", optional: false]}, {:file_system, "~> 0.2.8", [hex: :file_system, repo: "hexpm", optional: false]}, {:jason, "~> 1.0", [hex: :jason, repo: "hexpm", optional: false]}], "hexpm", "0b219ca4dcc89e4e7bc6ae7e6539c313e738e192e10b85275fa1e82b5203ecd7"},
  "csv": {:hex, :csv, "2.4.1", "50e32749953b6bf9818dbfed81cf1190e38cdf24f95891303108087486c5925e", [:mix], [{:parallel_stream, "~> 1.0.4", [hex: :parallel_stream, repo: "hexpm", optional: false]}], "hexpm", "54508938ac67e27966b10ef49606e3ad5995d665d7fc2688efb3eab1307c9079"},
  "dataloader": {:hex, :dataloader, "1.0.8", "114294362db98a613f231589246aa5b0ce847412e8e75c4c94f31f204d272cbf", [:mix], [{:ecto, ">= 3.4.3 and < 4.0.0", [hex: :ecto, repo: "hexpm", optional: true]}, {:telemetry, "~> 0.4", [hex: :telemetry, repo: "hexpm", optional: false]}], "hexpm", "eaf3c2aa2bc9dbd2f1e960561d616b7f593396c4754185b75904f6d66c82a667"},
  "db_connection": {:hex, :db_connection, "2.3.0", "d56ef906956a37959bcb385704fc04035f4f43c0f560dd23e00740daf8028c49", [:mix], [{:connection, "~> 1.0.2", [hex: :connection, repo: "hexpm", optional: false]}], "hexpm", "dcc082b8f723de9a630451b49fdbd7a59b065c4b38176fb147aaf773574d4520"},
  "decimal": {:hex, :decimal, "1.9.0", "83e8daf59631d632b171faabafb4a9f4242c514b0a06ba3df493951c08f64d07", [:mix], [], "hexpm", "b1f2343568eed6928f3e751cf2dffde95bfaa19dd95d09e8a9ea92ccfd6f7d85"},
  "dialyxir": {:hex, :dialyxir, "1.0.0", "6a1fa629f7881a9f5aaf3a78f094b2a51a0357c843871b8bc98824e7342d00a5", [:mix], [{:erlex, ">= 0.2.6", [hex: :erlex, repo: "hexpm", optional: false]}], "hexpm", "aeb06588145fac14ca08d8061a142d52753dbc2cf7f0d00fc1013f53f8654654"},
  "earmark": {:hex, :earmark, "1.4.10", "bddce5e8ea37712a5bfb01541be8ba57d3b171d3fa4f80a0be9bcf1db417bcaf", [:mix], [{:earmark_parser, ">= 1.4.10", [hex: :earmark_parser, repo: "hexpm", optional: false]}], "hexpm", "12dbfa80810478e521d3ffb941ad9fbfcbbd7debe94e1341b4c4a1b2411c1c27"},
  "earmark_parser": {:hex, :earmark_parser, "1.4.10", "6603d7a603b9c18d3d20db69921527f82ef09990885ed7525003c7fe7dc86c56", [:mix], [], "hexpm", "8e2d5370b732385db2c9b22215c3f59c84ac7dda7ed7e544d7c459496ae519c0"},
  "ecto": {:hex, :ecto, "3.5.5", "48219a991bb86daba6e38a1e64f8cea540cded58950ff38fbc8163e062281a07", [:mix], [{:decimal, "~> 1.6 or ~> 2.0", [hex: :decimal, repo: "hexpm", optional: false]}, {:jason, "~> 1.0", [hex: :jason, repo: "hexpm", optional: true]}, {:telemetry, "~> 0.4", [hex: :telemetry, repo: "hexpm", optional: false]}], "hexpm", "98dd0e5e1de7f45beca6130d13116eae675db59adfa055fb79612406acf6f6f1"},
  "ecto_boot_migration": {:hex, :ecto_boot_migration, "0.2.0", "fb5b08a01f2668ff3fab1a89a04484eeb8610c84e82b98fd90334f1e2dadc5e1", [:mix], [{:ecto_sql, "~> 3.0", [hex: :ecto_sql, repo: "hexpm", optional: false]}], "hexpm", "10f2e014f97d40620e23a48947ac60f230668ac2a24df2152b8a6b81a28b5dda"},
  "ecto_enum": {:hex, :ecto_enum, "1.4.0", "d14b00e04b974afc69c251632d1e49594d899067ee2b376277efd8233027aec8", [:mix], [{:ecto, ">= 3.0.0", [hex: :ecto, repo: "hexpm", optional: false]}, {:ecto_sql, "> 3.0.0", [hex: :ecto_sql, repo: "hexpm", optional: false]}, {:mariaex, ">= 0.0.0", [hex: :mariaex, repo: "hexpm", optional: true]}, {:postgrex, ">= 0.0.0", [hex: :postgrex, repo: "hexpm", optional: true]}], "hexpm", "8fb55c087181c2b15eee406519dc22578fa60dd82c088be376d0010172764ee4"},
  "ecto_psql_extras": {:hex, :ecto_psql_extras, "0.4.1", "dda8d9cb3357921f94b7c6e46f5d4599d4eb6615647bfc2957783e92bc106389", [:mix], [{:ecto_sql, "~> 3.4", [hex: :ecto_sql, repo: "hexpm", optional: false]}, {:postgrex, ">= 0.15.7", [hex: :postgrex, repo: "hexpm", optional: false]}, {:table_rex, "~> 3.0.0", [hex: :table_rex, repo: "hexpm", optional: false]}], "hexpm", "e99dd90d6007391a069b83ec78ada61b0296e273a3d3d3a5fb5318f5bf1689a5"},
  "ecto_sql": {:hex, :ecto_sql, "3.5.3", "1964df0305538364b97cc4661a2bd2b6c89d803e66e5655e4e55ff1571943efd", [:mix], [{:db_connection, "~> 2.2", [hex: :db_connection, repo: "hexpm", optional: false]}, {:ecto, "~> 3.5.0", [hex: :ecto, repo: "hexpm", optional: false]}, {:myxql, "~> 0.3.0 or ~> 0.4.0", [hex: :myxql, repo: "hexpm", optional: true]}, {:postgrex, "~> 0.15.0", [hex: :postgrex, repo: "hexpm", optional: true]}, {:tds, "~> 2.1.1", [hex: :tds, repo: "hexpm", optional: true]}, {:telemetry, "~> 0.4.0", [hex: :telemetry, repo: "hexpm", optional: false]}], "hexpm", "d2f53592432ce17d3978feb8f43e8dc0705e288b0890caf06d449785f018061c"},
  "email_checker": {:hex, :email_checker, "0.1.3", "2d18a9ab7b37aa452022173e92db5f355feb17c33c3da11434deb95049db8ed0", [:mix], [{:socket, "~> 0.3.1", [hex: :socket, repo: "hexpm", optional: false]}], "hexpm", "e5e53ce291d0e2554c460a60c3981a93aa3a19e36d1ac1bf19c0dcc279587fc9"},
  "erlex": {:hex, :erlex, "0.2.6", "c7987d15e899c7a2f34f5420d2a2ea0d659682c06ac607572df55a43753aa12e", [:mix], [], "hexpm", "2ed2e25711feb44d52b17d2780eabf998452f6efda104877a3881c2f8c0c0c75"},
  "erljwt": {:hex, :erljwt, "2.0.4", "52d742ae66b91f2bb4888d402b54a027a6b08eec0895e226fb1ad7c41949969a", [:rebar3], [{:base64url, "0.0.1", [hex: :base64url, repo: "hexpm", optional: false]}, {:jsone, "1.4.7", [hex: :jsone, repo: "hexpm", optional: false]}], "hexpm", "dd955cc6a721d87ab47c5d707c48c075326c8949cf8f899526a8813f86e99a21"},
  "erlsom": {:hex, :erlsom, "1.5.0", "c5a5cdd0ee0e8dca62bcc4b13ff08da24fdefc16ccd8b25282a2fda2ba1be24a", [:rebar3], [], "hexpm", "55a9dbf9cfa77fcfc108bd8e2c4f9f784dea228a8f4b06ea10b684944946955a"},
  "ex_cldr": {:hex, :ex_cldr, "2.18.2", "c0557145c234a4d31ff450a0438c5a70e786ccba9449a9f9f895809be20bed7d", [:mix], [{:castore, "~> 0.1", [hex: :castore, repo: "hexpm", optional: true]}, {:certifi, "~> 2.5", [hex: :certifi, repo: "hexpm", optional: true]}, {:cldr_utils, "~> 2.12", [hex: :cldr_utils, repo: "hexpm", optional: false]}, {:decimal, "~> 1.6 or ~> 2.0", [hex: :decimal, repo: "hexpm", optional: false]}, {:gettext, "~> 0.13", [hex: :gettext, repo: "hexpm", optional: true]}, {:jason, "~> 1.0", [hex: :jason, repo: "hexpm", optional: true]}, {:nimble_parsec, "~> 0.5 or ~> 1.0", [hex: :nimble_parsec, repo: "hexpm", optional: false]}, {:plug, "~> 1.9", [hex: :plug, repo: "hexpm", optional: true]}, {:telemetry, "~> 0.4.0", [hex: :telemetry, repo: "hexpm", optional: true]}], "hexpm", "ac28055ae6df438b72f98703c842c2c0d969af6bd68662a8f586862a9a0ddc79"},
  "ex_cldr_calendars": {:hex, :ex_cldr_calendars, "1.12.0", "0cf7c804937a93baa9c3b471667ad05c478942865cc457e8397b5d83fc6f2c7a", [:mix], [{:calendar_interval, "~> 0.2", [hex: :calendar_interval, repo: "hexpm", optional: true]}, {:earmark, "~> 1.0", [hex: :earmark, repo: "hexpm", optional: false]}, {:ex_cldr_numbers, "~> 2.16", [hex: :ex_cldr_numbers, repo: "hexpm", optional: false]}, {:ex_cldr_units, "~> 3.3", [hex: :ex_cldr_units, repo: "hexpm", optional: true]}, {:jason, "~> 1.0", [hex: :jason, repo: "hexpm", optional: false]}], "hexpm", "edcb91ec52ee4e24a928e2bcf6d3354da465eced42887fbdb3f878a7a329963f"},
  "ex_cldr_currencies": {:hex, :ex_cldr_currencies, "2.8.0", "b2ecc94e9fa4b8ec07614830f4d6e811e5df5e7679c6d2be92f4fe4f31184913", [:mix], [{:ex_cldr, "~> 2.18", [hex: :ex_cldr, repo: "hexpm", optional: false]}, {:jason, "~> 1.0", [hex: :jason, repo: "hexpm", optional: true]}], "hexpm", "a39780667b73bfd3d2bd08e61981bca23a97912b86f3236042850ecb062f48eb"},
  "ex_cldr_dates_times": {:hex, :ex_cldr_dates_times, "2.6.0", "cf631d2b19a5d75ead6c3d141425051bef2c0dde58b5bbe399b5023d77acf86f", [:mix], [{:calendar_interval, "~> 0.2", [hex: :calendar_interval, repo: "hexpm", optional: true]}, {:ex_cldr_calendars, "~> 1.11", [hex: :ex_cldr_calendars, repo: "hexpm", optional: false]}, {:ex_cldr_numbers, "~> 2.16", [hex: :ex_cldr_numbers, repo: "hexpm", optional: false]}, {:jason, "~> 1.0", [hex: :jason, repo: "hexpm", optional: true]}], "hexpm", "2b355af029c47634a175f295e6b94fd080adb9ead7a61f2eb51ea9ac8a076a24"},
  "ex_cldr_languages": {:hex, :ex_cldr_languages, "0.2.2", "d7dab93272443b70e18e6aef0f62974418baaca3a3b31a66d51921ec1547113c", [:mix], [{:ex_cldr, "~> 2.2 and >= 2.2.1", [hex: :ex_cldr, repo: "hexpm", optional: false]}, {:jason, "~> 1.0", [hex: :jason, repo: "hexpm", optional: true]}], "hexpm", "d9cbf4bf643365b0042e774520ddfcbc31618efd5a5383fac98f75149961622c"},
  "ex_cldr_lists": {:hex, :ex_cldr_lists, "2.7.0", "86264f509ada404afc9d469faf58ad78a9cbba4b728776eb218ee1bf9a9396a2", [:mix], [{:ex_cldr_numbers, "~> 2.16", [hex: :ex_cldr_numbers, repo: "hexpm", optional: false]}, {:jason, "~> 1.0", [hex: :jason, repo: "hexpm", optional: true]}], "hexpm", "ec9f55af45aa628930900e84d09bab50ee61841ad974aeb8fd51f627a9685353"},
  "ex_cldr_numbers": {:hex, :ex_cldr_numbers, "2.16.1", "aea1cecbf19dfb6ac82658d05685015172866cf1a4ce0778f58157442ccf015d", [:mix], [{:decimal, "~> 1.6 or ~> 2.0", [hex: :decimal, repo: "hexpm", optional: false]}, {:ex_cldr, "~> 2.18", [hex: :ex_cldr, repo: "hexpm", optional: false]}, {:ex_cldr_currencies, "~> 2.8", [hex: :ex_cldr_currencies, repo: "hexpm", optional: false]}, {:ex_doc, "~> 0.18", [hex: :ex_doc, repo: "hexpm", optional: true]}, {:jason, "~> 1.0", [hex: :jason, repo: "hexpm", optional: true]}], "hexpm", "ba7a6f9f50aaa7759d05e508a333747cf670c823b2857780b025f3c421f4f1d3"},
  "ex_cldr_units": {:hex, :ex_cldr_units, "3.3.1", "04266a7b401aedaf995a7ab390e604ad677c360899d93bb64f1b61e88eed26ac", [:mix], [{:decimal, "~> 1.6 or ~> 2.0", [hex: :decimal, repo: "hexpm", optional: true]}, {:ex_cldr_lists, "~> 2.7", [hex: :ex_cldr_lists, repo: "hexpm", optional: false]}, {:ex_cldr_numbers, "~> 2.16", [hex: :ex_cldr_numbers, repo: "hexpm", optional: false]}, {:jason, "~> 1.0", [hex: :jason, repo: "hexpm", optional: true]}, {:ratio, "~> 2.4", [hex: :ratio, repo: "hexpm", optional: false]}], "hexpm", "fc7c2ae2699d15ece8ce2fe4e6591eb80d08ac6efa4703eb49623114eb6463ab"},
  "ex_doc": {:hex, :ex_doc, "0.23.0", "a069bc9b0bf8efe323ecde8c0d62afc13d308b1fa3d228b65bca5cf8703a529d", [:mix], [{:earmark_parser, "~> 1.4.0", [hex: :earmark_parser, repo: "hexpm", optional: false]}, {:makeup_elixir, "~> 0.14", [hex: :makeup_elixir, repo: "hexpm", optional: false]}], "hexpm", "f5e2c4702468b2fd11b10d39416ddadd2fcdd173ba2a0285ebd92c39827a5a16"},
  "ex_phone_number": {:hex, :ex_phone_number, "0.2.1", "c332d5119b0ffebe3f3e4c1d5264d544b972d5d350230d7b5b1586bbfaf1036e", [:mix], [{:sweet_xml, "~> 0.6.5", [hex: :sweet_xml, repo: "hexpm", optional: false]}], "hexpm", "988acbe6ffb70ee33164ad5c185dc6767028369280dcbb4ceda4bc66373b2b10"},
  "excoveralls": {:hex, :excoveralls, "0.13.3", "edc5f69218f84c2bf61b3609a22ddf1cec0fbf7d1ba79e59f4c16d42ea4347ed", [:mix], [{:hackney, "~> 1.16", [hex: :hackney, repo: "hexpm", optional: false]}, {:jason, "~> 1.0", [hex: :jason, repo: "hexpm", optional: false]}], "hexpm", "cc26f48d2f68666380b83d8aafda0fffc65dafcc8d8650358e0b61f6a99b1154"},
  "file_system": {:hex, :file_system, "0.2.10", "fb082005a9cd1711c05b5248710f8826b02d7d1784e7c3451f9c1231d4fc162d", [:mix], [], "hexpm", "41195edbfb562a593726eda3b3e8b103a309b733ad25f3d642ba49696bf715dc"},
  "floki": {:hex, :floki, "0.29.0", "b1710d8c93a2f860dc2d7adc390dd808dc2fb8f78ee562304457b75f4c640881", [:mix], [{:html_entities, "~> 0.5.0", [hex: :html_entities, repo: "hexpm", optional: false]}], "hexpm", "008585ce64b9f74c07d32958ec9866f4b8a124bf4da1e2941b28e41384edaaad"},
  "gen_smtp": {:hex, :gen_smtp, "0.15.0", "9f51960c17769b26833b50df0b96123605a8024738b62db747fece14eb2fbfcc", [:rebar3], [], "hexpm", "29bd14a88030980849c7ed2447b8db6d6c9278a28b11a44cafe41b791205440f"},
  "gettext": {:hex, :gettext, "0.18.2", "7df3ea191bb56c0309c00a783334b288d08a879f53a7014341284635850a6e55", [:mix], [], "hexpm", "f9f537b13d4fdd30f3039d33cb80144c3aa1f8d9698e47d7bcbcc8df93b1f5c5"},
  "google_protos": {:hex, :google_protos, "0.1.0", "c6b9e12092d17571b093d4156d004494ca143b65dbbcbfc3ffff463ea03467c0", [:mix], [{:protobuf, "~> 0.5", [hex: :protobuf, repo: "hexpm", optional: false]}], "hexpm", "ff5564525f89d2638a4cfa9fb4d31e9ee9d9d7cb937b3e8a95f558440c039e1b"},
  "grpc": {:hex, :grpc, "0.5.0-beta.1", "7d43f52e138fe261f5b4981f1ada515dfc2e1bfa9dc92c7022e8f41e7e49b571", [:mix], [{:cowboy, "~> 2.7.0", [hex: :cowboy, repo: "hexpm", optional: false]}, {:gun, "~> 2.0.0", [hex: :grpc_gun, repo: "hexpm", optional: false]}, {:protobuf, "~> 0.5", [hex: :protobuf, repo: "hexpm", optional: false]}], "hexpm", "fbbf8872935c295b7575435fe4128372c23c6ded89c2ef8058af3c6167bb3f65"},
  "gun": {:hex, :grpc_gun, "2.0.0", "f99678a2ab975e74372a756c86ec30a8384d3ac8a8b86c7ed6243ef4e61d2729", [:rebar3], [{:cowlib, "~> 2.8.0", [hex: :cowlib, repo: "hexpm", optional: false]}], "hexpm", "03dbbca1a9c604a0267a40ea1d69986225091acb822de0b2dbea21d5815e410b"},
  "hackney": {:hex, :hackney, "1.16.0", "5096ac8e823e3a441477b2d187e30dd3fff1a82991a806b2003845ce72ce2d84", [:rebar3], [{:certifi, "2.5.2", [hex: :certifi, repo: "hexpm", optional: false]}, {:idna, "6.0.1", [hex: :idna, repo: "hexpm", optional: false]}, {:metrics, "1.0.1", [hex: :metrics, repo: "hexpm", optional: false]}, {:mimerl, "~>1.1", [hex: :mimerl, repo: "hexpm", optional: false]}, {:parse_trans, "3.3.0", [hex: :parse_trans, repo: "hexpm", optional: false]}, {:ssl_verify_fun, "1.1.6", [hex: :ssl_verify_fun, repo: "hexpm", optional: false]}], "hexpm", "3bf0bebbd5d3092a3543b783bf065165fa5d3ad4b899b836810e513064134e18"},
  "highlander": {:hex, :highlander, "0.2.1", "e59b459f857e89daf73f2598bf2b2c0479a435481e6101ea389fd3625919b052", [:mix], [], "hexpm", "5ba19a18358803d82a923511acec8ee85fac30731c5ca056f2f934bc3d3afd9a"},
  "html_entities": {:hex, :html_entities, "0.5.1", "1c9715058b42c35a2ab65edc5b36d0ea66dd083767bef6e3edb57870ef556549", [:mix], [], "hexpm", "30efab070904eb897ff05cd52fa61c1025d7f8ef3a9ca250bc4e6513d16c32de"},
  "human_readable_identifier_generator": {:hex, :human_readable_identifier_generator, "1.0.0", "0e58c50c60055af05118da93d948b03fbc698425618774a9d1b0532c29b95d73", [:mix], [], "hexpm", "3669c913a2bdc0342385deb832cc06852af897d80e14db1d50b163fe959e8435"},
  "idna": {:hex, :idna, "6.0.1", "1d038fb2e7668ce41fbf681d2c45902e52b3cb9e9c77b55334353b222c2ee50c", [:rebar3], [{:unicode_util_compat, "0.5.0", [hex: :unicode_util_compat, repo: "hexpm", optional: false]}], "hexpm", "a02c8a1c4fd601215bb0b0324c8a6986749f807ce35f25449ec9e69758708122"},
  "inet_cidr": {:hex, :inet_cidr, "1.0.4", "a05744ab7c221ca8e395c926c3919a821eb512e8f36547c062f62c4ca0cf3d6e", [:mix], [], "hexpm", "64a2d30189704ae41ca7dbdd587f5291db5d1dda1414e0774c29ffc81088c1bc"},
  "jason": {:hex, :jason, "1.2.2", "ba43e3f2709fd1aa1dce90aaabfd039d000469c05c56f0b8e31978e03fa39052", [:mix], [{:decimal, "~> 1.0 or ~> 2.0", [hex: :decimal, repo: "hexpm", optional: true]}], "hexpm", "18a228f5f0058ee183f29f9eae0805c6e59d61c3b006760668d8d18ff0d12179"},
  "jose": {:hex, :jose, "1.10.1", "16d8e460dae7203c6d1efa3f277e25b5af8b659febfc2f2eb4bacf87f128b80a", [:mix, :rebar3], [], "hexpm", "3c7ddc8a9394b92891db7c2771da94bf819834a1a4c92e30857b7d582e2f8257"},
  "jsone": {:hex, :jsone, "1.5.3", "3cdfa1e23e2aa0bf1c508201dcf4ccd97937b8658e778cf3ade026ab387493e5", [:rebar3], [], "hexpm", "a50da89893ad5f5b898ed688d08a78e050a1ba62aef079c351e60ab2135ac5c5"},
  "libcluster": {:hex, :libcluster, "3.2.1", "b2cd5b447cde25d5897749bee6f7aaeb6c96ac379481024e9b6ba495dabeb97d", [:mix], [{:jason, "~> 1.1", [hex: :jason, repo: "hexpm", optional: false]}], "hexpm", "89f225612d135edce9def56f43bf18d575d88ac4680e3f6161283f2e55cadca4"},
  "makeup": {:hex, :makeup, "1.0.5", "d5a830bc42c9800ce07dd97fa94669dfb93d3bf5fcf6ea7a0c67b2e0e4a7f26c", [:mix], [{:nimble_parsec, "~> 0.5 or ~> 1.0", [hex: :nimble_parsec, repo: "hexpm", optional: false]}], "hexpm", "cfa158c02d3f5c0c665d0af11512fed3fba0144cf1aadee0f2ce17747fba2ca9"},
  "makeup_elixir": {:hex, :makeup_elixir, "0.15.0", "98312c9f0d3730fde4049985a1105da5155bfe5c11e47bdc7406d88e01e4219b", [:mix], [{:makeup, "~> 1.0", [hex: :makeup, repo: "hexpm", optional: false]}, {:nimble_parsec, "~> 1.1", [hex: :nimble_parsec, repo: "hexpm", optional: false]}], "hexpm", "75ffa34ab1056b7e24844c90bfc62aaf6f3a37a15faa76b07bc5eba27e4a8b4a"},
  "metrics": {:hex, :metrics, "1.0.1", "25f094dea2cda98213cecc3aeff09e940299d950904393b2a29d191c346a8486", [:rebar3], [], "hexpm", "69b09adddc4f74a40716ae54d140f93beb0fb8978d8636eaded0c31b6f099f16"},
  "mime": {:hex, :mime, "1.5.0", "203ef35ef3389aae6d361918bf3f952fa17a09e8e43b5aa592b93eba05d0fb8d", [:mix], [], "hexpm", "55a94c0f552249fc1a3dd9cd2d3ab9de9d3c89b559c2bd01121f824834f24746"},
  "mimerl": {:hex, :mimerl, "1.2.0", "67e2d3f571088d5cfd3e550c383094b47159f3eee8ffa08e64106cdf5e981be3", [:rebar3], [], "hexpm", "f278585650aa581986264638ebf698f8bb19df297f66ad91b18910dfc6e19323"},
  "mint": {:hex, :mint, "1.2.0", "65e9d75c60c456a5fb1b800febb88f061f56157d103d755b99fcaeaeb3e956f3", [:mix], [{:castore, "~> 0.1.0", [hex: :castore, repo: "hexpm", optional: true]}], "hexpm", "19cbb3a5be91b7df4a35377ba94b26199481a541add055cf5d1d4299b55125ab"},
  "mox": {:hex, :mox, "1.0.0", "4b3c7005173f47ff30641ba044eb0fe67287743eec9bd9545e37f3002b0a9f8b", [:mix], [], "hexpm", "201b0a20b7abdaaab083e9cf97884950f8a30a1350a1da403b3145e213c6f4df"},
  "nimble_parsec": {:hex, :nimble_parsec, "1.1.0", "3a6fca1550363552e54c216debb6a9e95bd8d32348938e13de5eda962c0d7f89", [:mix], [], "hexpm", "08eb32d66b706e913ff748f11694b17981c0b04a33ef470e33e11b3d3ac8f54b"},
  "numbers": {:hex, :numbers, "5.2.3", "d721b0702e3d8ebfaaa64af3419b9b49ffbc3836bd7511b935796499d51141ca", [:mix], [{:coerce, "~> 1.0", [hex: :coerce, repo: "hexpm", optional: false]}, {:decimal, "~> 1.9", [hex: :decimal, repo: "hexpm", optional: true]}], "hexpm", "ec62408c8bc02d79c6b9f798de321f65876afdcf7f8654190601df2cfe60cc18"},
  "oidcc": {:git, "https://github.com/jshmrtn/oidcc.git", "3f75f902c038e7e0080aeefbab7fdb79949f21b3", [branch: "master"]},
  "openapi_compiler": {:hex, :openapi_compiler, "1.0.0-beta.13", "e2f4af1dd210201202232e0085c8f3b64b5064c06557cc1cdee4784872c71430", [:mix], [{:jason, "~> 1.2", [hex: :jason, repo: "hexpm", optional: false]}, {:tesla, "~> 1.3", [hex: :tesla, repo: "hexpm", optional: false]}, {:uri_template, "~> 1.2", [hex: :uri_template, repo: "hexpm", optional: false]}, {:yamerl, "~> 0.7", [hex: :yamerl, repo: "hexpm", optional: false]}], "hexpm", "f67c01168c9842a68a5d4514fe226a294df707bac03fc779cd61f242c3b097d1"},
  "paginator": {:hex, :paginator, "1.0.1", "dd3bd599375e9392d22ac5afea577ec835ee5c2371879e023f485c82b7241a3b", [:mix], [{:ecto, "~> 3.0", [hex: :ecto, repo: "hexpm", optional: false]}, {:ecto_sql, "~> 3.0", [hex: :ecto_sql, repo: "hexpm", optional: false]}, {:plug_crypto, "~> 1.1.2", [hex: :plug_crypto, repo: "hexpm", optional: false]}, {:postgrex, "~> 0.13", [hex: :postgrex, repo: "hexpm", optional: true]}], "hexpm", "37913218e3689397052a1c9b603f596761759c8608e65a382854f44a973380e7"},
  "paper_trail": {:git, "https://github.com/jshmrtn/paper_trail.git", "60e65a2abfebd050e96dba8c528929dc9ff8412f", [branch: "dev"]},
  "parallel_stream": {:hex, :parallel_stream, "1.0.6", "b967be2b23f0f6787fab7ed681b4c45a215a81481fb62b01a5b750fa8f30f76c", [:mix], [], "hexpm", "639b2e8749e11b87b9eb42f2ad325d161c170b39b288ac8d04c4f31f8f0823eb"},
  "parse_trans": {:hex, :parse_trans, "3.3.0", "09765507a3c7590a784615cfd421d101aec25098d50b89d7aa1d66646bc571c1", [:rebar3], [], "hexpm", "17ef63abde837ad30680ea7f857dd9e7ced9476cdd7b0394432af4bfc241b960"},
  "pdf_generator": {:hex, :pdf_generator, "0.6.2", "601f145a0db0dcd7b8c35e1698038f78f18fc42eb3bd2001f826a3a239205f0e", [:mix], [], "hexpm", "82af2debaae156834b14dc0727cd8c3ded70ed4a2a909107d514bf28f5d1fc35"},
  "phoenix": {:hex, :phoenix, "1.5.7", "2923bb3af924f184459fe4fa4b100bd25fa6468e69b2803dfae82698269aa5e0", [:mix], [{:jason, "~> 1.0", [hex: :jason, repo: "hexpm", optional: true]}, {:phoenix_html, "~> 2.13", [hex: :phoenix_html, repo: "hexpm", optional: true]}, {:phoenix_pubsub, "~> 2.0", [hex: :phoenix_pubsub, repo: "hexpm", optional: false]}, {:plug, "~> 1.10", [hex: :plug, repo: "hexpm", optional: false]}, {:plug_cowboy, "~> 1.0 or ~> 2.2", [hex: :plug_cowboy, repo: "hexpm", optional: true]}, {:plug_crypto, "~> 1.1.2 or ~> 1.2", [hex: :plug_crypto, repo: "hexpm", optional: false]}, {:telemetry, "~> 0.4", [hex: :telemetry, repo: "hexpm", optional: false]}], "hexpm", "774cd64417c5a3788414fdbb2be2eb9bcd0c048d9e6ad11a0c1fd67b7c0d0978"},
  "phoenix_active_link": {:hex, :phoenix_active_link, "0.3.1", "249085dee4ac86d0a89675d51e04b22af5143c87764a997850e31c00927a3b4d", [:mix], [{:phoenix_html, "~> 2.10", [hex: :phoenix_html, repo: "hexpm", optional: false]}], "hexpm", "64feabce9a89e1bd245c92d54f486efccc84ef23dfc88d6a4abd0d5b6aeaf8d2"},
  "phoenix_ecto": {:hex, :phoenix_ecto, "4.2.1", "13f124cf0a3ce0f1948cf24654c7b9f2347169ff75c1123f44674afee6af3b03", [:mix], [{:ecto, "~> 3.0", [hex: :ecto, repo: "hexpm", optional: false]}, {:phoenix_html, "~> 2.14.2 or ~> 2.15", [hex: :phoenix_html, repo: "hexpm", optional: true]}, {:plug, "~> 1.0", [hex: :plug, repo: "hexpm", optional: false]}], "hexpm", "478a1bae899cac0a6e02be1deec7e2944b7754c04e7d4107fc5a517f877743c0"},
  "phoenix_html": {:hex, :phoenix_html, "2.14.2", "b8a3899a72050f3f48a36430da507dd99caf0ac2d06c77529b1646964f3d563e", [:mix], [{:plug, "~> 1.5", [hex: :plug, repo: "hexpm", optional: false]}], "hexpm", "58061c8dfd25da5df1ea0ca47c972f161beb6c875cd293917045b92ffe1bf617"},
  "phoenix_live_dashboard": {:hex, :phoenix_live_dashboard, "0.4.0", "87990e68b60213d7487e65814046f9a2bed4a67886c943270125913499b3e5c3", [:mix], [{:ecto_psql_extras, "~> 0.4.1 or ~> 0.5", [hex: :ecto_psql_extras, repo: "hexpm", optional: true]}, {:phoenix_html, "~> 2.14.1 or ~> 2.15", [hex: :phoenix_html, repo: "hexpm", optional: false]}, {:phoenix_live_view, "~> 0.15.0", [hex: :phoenix_live_view, repo: "hexpm", optional: false]}, {:telemetry_metrics, "~> 0.4.0 or ~> 0.5.0 or ~> 0.6.0", [hex: :telemetry_metrics, repo: "hexpm", optional: false]}], "hexpm", "8d52149e58188e9e4497cc0d8900ab94d9b66f96998ec38c47c7a4f8f4f50e57"},
  "phoenix_live_reload": {:hex, :phoenix_live_reload, "1.3.0", "f35f61c3f959c9a01b36defaa1f0624edd55b87e236b606664a556d6f72fd2e7", [:mix], [{:file_system, "~> 0.2.1 or ~> 0.3", [hex: :file_system, repo: "hexpm", optional: false]}, {:phoenix, "~> 1.4", [hex: :phoenix, repo: "hexpm", optional: false]}], "hexpm", "02c1007ae393f2b76ec61c1a869b1e617179877984678babde131d716f95b582"},
  "phoenix_live_view": {:hex, :phoenix_live_view, "0.15.0", "1bb9b0c230a047cddc32b1708ec4cad4f91aaab0b4688c09702fcf78d7e2df94", [:mix], [{:jason, "~> 1.0", [hex: :jason, repo: "hexpm", optional: true]}, {:phoenix, "~> 1.5.7", [hex: :phoenix, repo: "hexpm", optional: false]}, {:phoenix_html, "~> 2.14", [hex: :phoenix_html, repo: "hexpm", optional: false]}, {:telemetry, "~> 0.4.2 or ~> 0.5", [hex: :telemetry, repo: "hexpm", optional: false]}], "hexpm", "d42ad9b5fe9e874df3a12ea0a806e3f650db99774d597285c07df43f33cab486"},
  "phoenix_pubsub": {:hex, :phoenix_pubsub, "2.0.0", "a1ae76717bb168cdeb10ec9d92d1480fec99e3080f011402c0a2d68d47395ffb", [:mix], [], "hexpm", "c52d948c4f261577b9c6fa804be91884b381a7f8f18450c5045975435350f771"},
  "plug": {:hex, :plug, "1.11.0", "f17217525597628298998bc3baed9f8ea1fa3f1160aa9871aee6df47a6e4d38e", [:mix], [{:mime, "~> 1.0", [hex: :mime, repo: "hexpm", optional: false]}, {:plug_crypto, "~> 1.1.1 or ~> 1.2", [hex: :plug_crypto, repo: "hexpm", optional: false]}, {:telemetry, "~> 0.4", [hex: :telemetry, repo: "hexpm", optional: false]}], "hexpm", "2d9c633f0499f9dc5c2fd069161af4e2e7756890b81adcbb2ceaa074e8308876"},
  "plug_content_security_policy": {:hex, :plug_content_security_policy, "0.2.1", "0a19c76307ad000b3757739c14b34b83ecccf7d0a3472e64e14797a20b62939b", [:mix], [{:plug, "~> 1.3", [hex: :plug, repo: "hexpm", optional: false]}], "hexpm", "ceea10050671c0387c64526e2cb337ee08e12705c737eaed80439266df5b2e29"},
  "plug_cowboy": {:hex, :plug_cowboy, "2.4.1", "779ba386c0915027f22e14a48919a9545714f849505fa15af2631a0d298abf0f", [:mix], [{:cowboy, "~> 2.7", [hex: :cowboy, repo: "hexpm", optional: false]}, {:cowboy_telemetry, "~> 0.3", [hex: :cowboy_telemetry, repo: "hexpm", optional: false]}, {:plug, "~> 1.7", [hex: :plug, repo: "hexpm", optional: false]}, {:telemetry, "~> 0.4", [hex: :telemetry, repo: "hexpm", optional: false]}], "hexpm", "d72113b6dff7b37a7d9b2a5b68892808e3a9a752f2bf7e503240945385b70507"},
  "plug_crypto": {:hex, :plug_crypto, "1.1.2", "bdd187572cc26dbd95b87136290425f2b580a116d3fb1f564216918c9730d227", [:mix], [], "hexpm", "6b8b608f895b6ffcfad49c37c7883e8df98ae19c6a28113b02aa1e9c5b22d6b5"},
  "plug_dynamic": {:hex, :plug_dynamic, "1.0.0", "aecc1a6c19bb4a4d3ceb35ae85999e9ec77cf50eeead754607bc657d47478b32", [:mix], [{:plug, "~> 1.6", [hex: :plug, repo: "hexpm", optional: false]}], "hexpm", "403590330db12255755e0ce6397aaf05b000f255cfe5ea8edf70dc9d4413b99c"},
  "polymorphic_embed": {:hex, :polymorphic_embed, "0.14.0", "f0cfdb258f8e8d6d5665f18dad71202d251171e187f19fb9684e7b168d49969e", [:mix], [{:ecto, "~> 3.5", [hex: :ecto, repo: "hexpm", optional: false]}, {:jason, "~> 1.2", [hex: :jason, repo: "hexpm", optional: false]}, {:phoenix_html, "~> 2.14", [hex: :phoenix_html, repo: "hexpm", optional: true]}], "hexpm", "03492bea88abf8f3476503322ba6239c3e1e6daaa8fb59a61d0b3bdea4e7698c"},
  "postgrex": {:hex, :postgrex, "0.15.7", "724410acd48abac529d0faa6c2a379fb8ae2088e31247687b16cacc0e0883372", [:mix], [{:connection, "~> 1.0", [hex: :connection, repo: "hexpm", optional: false]}, {:db_connection, "~> 2.1", [hex: :db_connection, repo: "hexpm", optional: false]}, {:decimal, "~> 1.5 or ~> 2.0", [hex: :decimal, repo: "hexpm", optional: false]}, {:jason, "~> 1.0", [hex: :jason, repo: "hexpm", optional: true]}], "hexpm", "88310c010ff047cecd73d5ceca1d99205e4b1ab1b9abfdab7e00f5c9d20ef8f9"},
  "protobuf": {:hex, :protobuf, "0.7.1", "7d1b9f7d9ecb32eccd96b0c58572de4d1c09e9e3bc414e4cb15c2dce7013f195", [:mix], [], "hexpm", "6eff7a5287963719521c82e5d5b4583fd1d7cdd89ad129f0ea7d503a50a4d13f"},
  "ranch": {:hex, :ranch, "1.7.1", "6b1fab51b49196860b733a49c07604465a47bdb78aa10c1c16a3d199f7f8c881", [:rebar3], [], "hexpm", "451d8527787df716d99dc36162fca05934915db0b6141bbdac2ea8d3c7afc7d7"},
  "ratio": {:hex, :ratio, "2.4.2", "c8518f3536d49b1b00d88dd20d49f8b11abb7819638093314a6348139f14f9f9", [:mix], [{:decimal, "~> 1.6 or ~> 2.0", [hex: :decimal, repo: "hexpm", optional: true]}, {:numbers, "~> 5.2.0", [hex: :numbers, repo: "hexpm", optional: false]}], "hexpm", "441ef6f73172a3503de65ccf1769030997b0d533b1039422f1e5e0e0b4cbf89e"},
  "remote_ip": {:hex, :remote_ip, "0.2.1", "cd27cd8ea54ecaaf3532776ff4c5e353b3804e710302e88c01eadeaaf42e7e24", [:mix], [{:combine, "~> 0.10", [hex: :combine, repo: "hexpm", optional: false]}, {:inet_cidr, "~> 1.0", [hex: :inet_cidr, repo: "hexpm", optional: false]}, {:plug, "~> 1.5", [hex: :plug, repo: "hexpm", optional: false]}], "hexpm", "2e7ab1a461cc3cd5719f37e116a08f45c8b8493923063631b164315d6b7ee8e0"},
  "socket": {:hex, :socket, "0.3.13", "98a2ab20ce17f95fb512c5cadddba32b57273e0d2dba2d2e5f976c5969d0c632", [:mix], [], "hexpm", "f82ea9833ef49dde272e6568ab8aac657a636acb4cf44a7de8a935acb8957c2e"},
  "ssl_verify_fun": {:hex, :ssl_verify_fun, "1.1.6", "cf344f5692c82d2cd7554f5ec8fd961548d4fd09e7d22f5b62482e5aeaebd4b0", [:make, :mix, :rebar3], [], "hexpm", "bdb0d2471f453c88ff3908e7686f86f9be327d065cc1ec16fa4540197ea04680"},
  "surface": {:hex, :surface, "0.1.0", "fdeb147f6248ea81ea1043c93f50b706d504cd754b573cf445336db06b5fc996", [:mix], [{:earmark, "~> 1.3", [hex: :earmark, repo: "hexpm", optional: false]}, {:jason, "~> 1.0", [hex: :jason, repo: "hexpm", optional: false]}, {:nimble_parsec, "~> 0.5 or ~> 1.0", [hex: :nimble_parsec, repo: "hexpm", optional: false]}, {:phoenix_live_view, "~> 0.15.0", [hex: :phoenix_live_view, repo: "hexpm", optional: false]}], "hexpm", "dae4f9abd0e788c5ca5e40b01a3cd50dd85e27bb163d0496d770f256fdebec50"},
  "sweet_xml": {:hex, :sweet_xml, "0.6.6", "fc3e91ec5dd7c787b6195757fbcf0abc670cee1e4172687b45183032221b66b8", [:mix], [], "hexpm", "2e1ec458f892ffa81f9f8386e3f35a1af6db7a7a37748a64478f13163a1f3573"},
  "table_rex": {:hex, :table_rex, "3.0.0", "5189b71b3b92ed461358f40f7b7b630dc37716bf6c8ab3e934b2bc63a99028bd", [:mix], [], "hexpm", "582776d24cbe6a4d30a39a7f02035b1bc979b6cd64923d7234dd2f0ad21a18c7"},
  "telemetry": {:hex, :telemetry, "0.4.2", "2808c992455e08d6177322f14d3bdb6b625fbcfd233a73505870d8738a2f4599", [:rebar3], [], "hexpm", "2d1419bd9dda6a206d7b5852179511722e2b18812310d304620c7bd92a13fcef"},
  "telemetry_metrics": {:hex, :telemetry_metrics, "0.6.0", "da9d49ee7e6bb1c259d36ce6539cd45ae14d81247a2b0c90edf55e2b50507f7b", [:mix], [{:telemetry, "~> 0.4", [hex: :telemetry, repo: "hexpm", optional: false]}], "hexpm", "5cfe67ad464b243835512aa44321cee91faed6ea868d7fb761d7016e02915c3d"},
  "telemetry_metrics_prometheus": {:hex, :telemetry_metrics_prometheus, "0.6.0", "04148a77a1ab1d46d899627f6ecca8005477ae620b1a81116dce2eaeb4a3bff8", [:mix], [{:plug_cowboy, "~> 2.1", [hex: :plug_cowboy, repo: "hexpm", optional: false]}, {:telemetry_metrics_prometheus_core, "~> 0.4", [hex: :telemetry_metrics_prometheus_core, repo: "hexpm", optional: false]}], "hexpm", "b26be99ee4f977635f4b7f8a0c9be27672a0d6b22057ab3d48fbd1d5738346d8"},
  "telemetry_metrics_prometheus_core": {:hex, :telemetry_metrics_prometheus_core, "0.4.1", "288a49c3acd51d2f12f62a32e9208298b1f8cc5d7d8716ec36d4ca2ad5a0416f", [:mix], [{:telemetry, "~> 0.4", [hex: :telemetry, repo: "hexpm", optional: false]}, {:telemetry_metrics, "~> 0.5", [hex: :telemetry_metrics, repo: "hexpm", optional: false]}], "hexpm", "1ba6b33f5b6df331b0efefda46802d22b916e2bab9f74e9cea0762eab906e13f"},
  "telemetry_poller": {:hex, :telemetry_poller, "0.5.1", "21071cc2e536810bac5628b935521ff3e28f0303e770951158c73eaaa01e962a", [:rebar3], [{:telemetry, "~> 0.4", [hex: :telemetry, repo: "hexpm", optional: false]}], "hexpm", "4cab72069210bc6e7a080cec9afffad1b33370149ed5d379b81c7c5f0c663fd4"},
  "tesla": {:hex, :tesla, "1.4.0", "1081bef0124b8bdec1c3d330bbe91956648fb008cf0d3950a369cda466a31a87", [:mix], [{:castore, "~> 0.1", [hex: :castore, repo: "hexpm", optional: true]}, {:exjsx, ">= 3.0.0", [hex: :exjsx, repo: "hexpm", optional: true]}, {:finch, "~> 0.3", [hex: :finch, repo: "hexpm", optional: true]}, {:fuse, "~> 2.4", [hex: :fuse, repo: "hexpm", optional: true]}, {:gun, "~> 1.3", [hex: :gun, repo: "hexpm", optional: true]}, {:hackney, "~> 1.6", [hex: :hackney, repo: "hexpm", optional: true]}, {:ibrowse, "~> 4.4.0", [hex: :ibrowse, repo: "hexpm", optional: true]}, {:jason, ">= 1.0.0", [hex: :jason, repo: "hexpm", optional: true]}, {:mime, "~> 1.0", [hex: :mime, repo: "hexpm", optional: false]}, {:mint, "~> 1.0", [hex: :mint, repo: "hexpm", optional: true]}, {:poison, ">= 1.0.0", [hex: :poison, repo: "hexpm", optional: true]}, {:telemetry, "~> 0.4", [hex: :telemetry, repo: "hexpm", optional: true]}], "hexpm", "bf1374a5569f5fca8e641363b63f7347d680d91388880979a33bc12a6eb3e0aa"},
  "tzdata": {:hex, :tzdata, "1.0.5", "69f1ee029a49afa04ad77801febaf69385f3d3e3d1e4b56b9469025677b89a28", [:mix], [{:hackney, "~> 1.0", [hex: :hackney, repo: "hexpm", optional: false]}], "hexpm", "55519aa2a99e5d2095c1e61cc74c9be69688f8ab75c27da724eb8279ff402a5a"},
  "ueberauth": {:hex, :ueberauth, "0.6.3", "d42ace28b870e8072cf30e32e385579c57b9cc96ec74fa1f30f30da9c14f3cc0", [:mix], [{:plug, "~> 1.5", [hex: :plug, repo: "hexpm", optional: false]}], "hexpm", "afc293d8a1140d6591b53e3eaf415ca92842cb1d32fad3c450c6f045f7f91b60"},
  "ueberauth_oidc": {:git, "https://github.com/rng2/ueberauth_oidc.git", "570a5c6d5d6470de2fedbc5f327cf0e7fcdee2e5", [tag: "0.0.1"]},
  "unicode_util_compat": {:hex, :unicode_util_compat, "0.5.0", "8516502659002cec19e244ebd90d312183064be95025a319a6c7e89f4bccd65b", [:rebar3], [], "hexpm", "d48d002e15f5cc105a696cf2f1bbb3fc72b4b770a184d8420c8db20da2674b38"},
  "uri_template": {:hex, :uri_template, "1.2.1", "cc36ef5d18a3a5a23ce35a450ab5b139d5e49ce132b08b7f8797c17efc69d594", [:mix], [], "hexpm", "fe9a2dfeb4fd289b376df2b84dc2dc2d3244364f0ecf0c21e9832fbb756d524d"},
  "websms": {:hex, :websms, "1.0.0-alpha.1", "b92d86cc86fbbb379585e910402ff032d22cc5bf3025a4d2513dccc483f98a42", [:mix], [{:castore, "~> 0.1", [hex: :castore, repo: "hexpm", optional: false]}, {:mint, "~> 1.0", [hex: :mint, repo: "hexpm", optional: false]}, {:openapi_compiler, "~> 1.0-beta", [hex: :openapi_compiler, repo: "hexpm", optional: false]}], "hexpm", "19c71783208febfed3f37b050b45b7b4be680b0dc5f3c2bfeedf9dd1db10c997"},
  "xlsxir": {:hex, :xlsxir, "1.6.4", "d1e69439cbd9edc1190950f9f883ac364e1f31641e0395ccdb27761791b169a3", [:mix], [{:erlsom, "~> 1.5", [hex: :erlsom, repo: "hexpm", optional: false]}], "hexpm", "38e91f65eb8a4c8dea07d941c8b7e21baf8c8d4938232395c9ffd19d2eb071f2"},
  "yamerl": {:hex, :yamerl, "0.8.0", "8214cfe16bbabe5d1d6c14a14aea11c784b9a21903dd6a7c74f8ce180adae5c7", [:rebar3], [], "hexpm", "010634477bf9c208a0767dcca89116c2442cf0b5e87f9c870f85cd1c3e0c2aab"},
  "zitadel_api": {:hex, :zitadel_api, "1.0.0-beta.2", "200faeb7f491664b9a4c784dfa8522833a1bc3d829d8729bce847ffd2017f562", [:mix], [{:google_protos, "~> 0.1.0", [hex: :google_protos, repo: "hexpm", optional: false]}, {:grpc, "~> 0.5.0-beta.1", [hex: :grpc, repo: "hexpm", optional: false]}], "hexpm", "a14117bfab86ba156eda0fbdfcdee15debf306305e218489bb33deffb05a1a8f"},
}
